<?xml version="1.0" encoding="UTF-8" standalone="yes" ?>
<CodeBlocks_project_file>
	<FileVersion major="1" minor="6" />
	<Project>
		<Option title="Test1" />
		<Option pch_mode="2" />
		<Option compiler="gcc" />
		<Build>
			<Target title="Debug">
				<Option output="bin\Debug\Test1" prefix_auto="1" extension_auto="1" />
				<Option object_output="obj\Debug\" />
				<Option type="1" />
				<Option compiler="gcc" />
				<Compiler>
					<Add option="-g" />
				</Compiler>
			</Target>
			<Target title="Release">
				<Option output="bin\Release\Test1" prefix_auto="1" extension_auto="1" />
				<Option object_output="obj\Release\" />
				<Option type="1" />
				<Option compiler="gcc" />
				<Compiler>
					<Add option="-O2" />
				</Compiler>
				<Linker>
					<Add option="-s" />
				</Linker>
			</Target>
		</Build>
		<Compiler>
			<Add option="-Wall" />
			<Add option="-fexceptions" />
			<Add directory="F:\OpenCV2.0\include\opencv" />
			<Add directory="F:\Program Files\Point Grey Research\PGR FlyCapture\include" />
			<Add directory="F:\Program Files\Point Grey Research\Triclops Stereo Vision SDK\include" />
		</Compiler>
		<Linker>
			<Add library="F:\OpenCV2.0\lib\libcv200.dll.a" />
			<Add library="F:\OpenCV2.0\lib\libcvaux200.dll.a" />
			<Add library="F:\OpenCV2.0\lib\libcxcore200.dll.a" />
			<Add library="F:\OpenCV2.0\lib\libcxts200.dll.a" />
			<Add library="F:\OpenCV2.0\lib\libhighgui200.dll.a" />
			<Add library="F:\OpenCV2.0\lib\libml200.dll.a" />
			<Add library="F:\Program Files\Point Grey Research\PGR FlyCapture\lib\PGRFlyCapture.lib" />
			<Add library="F:\Program Files\Point Grey Research\PGR FlyCapture\lib\pgrflycapturegui.lib" />
			<Add library="F:\Program Files\Point Grey Research\Triclops Stereo Vision SDK\lib\pnmutils.lib" />
			<Add library="F:\Program Files\Point Grey Research\Triclops Stereo Vision SDK\lib\pnmutilsd.lib" />
			<Add library="F:\Program Files\Point Grey Research\Triclops Stereo Vision SDK\lib\triclops.lib" />
			<Add library="F:\Program Files\Microsoft SDKs\Windows\v6.0A\Lib\WS2_32.Lib" />
			<Add library="F:\Program Files\Microsoft SDKs\Windows\v6.0A\Lib\MsWSock.Lib" />
			<Add library="F:\Program Files\Microsoft SDKs\Windows\v6.0A\Lib\AdvAPI32.Lib" />
			<Add directory="C:\OpenCV2.0\lib" />
			<Add directory="C:\Program Files\Point Grey Research\PGR FlyCapture\lib" />
			<Add directory="C:\Program Files\Point Grey Research\Triclops Stereo Vision SDK\lib" />
		</Linker>
		<Unit filename="CVTest.cpp" />
		<Unit filename="afsocket.cpp" />
		<Unit filename="afsocket.h" />
		<Unit filename="calfile.cpp" />
		<Unit filename="calfile.h" />
		<Unit filename="circle.h" />
		<Unit filename="compass.cpp" />
		<Unit filename="compass.h" />
		<Unit filename="decide.h" />
		<Unit filename="globals.cpp" />
		<Unit filename="globals.h" />
		<Unit filename="gps.cpp" />
		<Unit filename="gps.h" />
		<Unit filename="line.h" />
		<Unit filename="serial.cpp" />
		<Unit filename="serial.h" />
		<Unit filename="stereo.h" />
		<Extensions>
			<code_completion>
				<search_path add="C:\OpenCV2.0" />
			</code_completion>
			<debugger />
		</Extensions>
	</Project>
</CodeBlocks_project_file>
