
Microsoft Visual Studio Solution File, Format Version 9.00
# Visual Studio 2005
Project("{8BC9CEB8-8B4A-11D0-8D11-00A0C91BC942}") = "AsyncTriggerEx", "AsyncTriggerEx\AsyncTriggerEx.vcproj", "{C254416A-B6FB-4F1C-90E9-756CEFE218C2}"
EndProject
Project("{8BC9CEB8-8B4A-11D0-8D11-00A0C91BC942}") = "CustomBuffersEx", "CustomBuffersEx\CustomBuffersEx.vcproj", "{4537276F-BB2C-4C7B-A19B-2EEB28EB157C}"
EndProject
Project("{8BC9CEB8-8B4A-11D0-8D11-00A0C91BC942}") = "CustomImageEx", "CustomImageEx\CustomImageEx.vcproj", "{EE81E338-676C-44A9-AFDC-78262422E85E}"
EndProject
Project("{8BC9CEB8-8B4A-11D0-8D11-00A0C91BC942}") = "ExtendedShutterEx", "ExtendedShutterEx\ExtendedShutterEx.vcproj", "{C1EC6FB3-4088-4BF1-A38B-E821A6DBE92E}"
EndProject
Project("{F184B08F-C81C-45F6-A57F-5ABD9991F28F}") = "FlyCapVBdotNET", "FlyCapVBdotNET\FlyCapVBdotNET.vbproj", "{9E290E12-D5F9-4D94-8153-6D33374345E2}"
EndProject
Project("{8BC9CEB8-8B4A-11D0-8D11-00A0C91BC942}") = "ImageEventEx", "ImageEventEx\ImageEventEx.vcproj", "{25A70456-ADB5-48DB-8F16-6DAD88682FDB}"
EndProject
Project("{8BC9CEB8-8B4A-11D0-8D11-00A0C91BC942}") = "MessageLoggingEx", "MessageLoggingEx\MessageLoggingEx.vcproj", "{BCF7DB4A-C5FD-49A5-8D88-424606F62F29}"
EndProject
Project("{8BC9CEB8-8B4A-11D0-8D11-00A0C91BC942}") = "MultipleCameraEx", "MultipleCameraEx\MultipleCameraEx.vcproj", "{F0A5DDE4-772E-41F4-822F-565244025329}"
EndProject
Project("{8BC9CEB8-8B4A-11D0-8D11-00A0C91BC942}") = "PGRFlyCaptureTest", "PGRFlyCaptureTest\PGRFlyCaptureTest.vcproj", "{BC799761-5E19-4060-8BC4-636D8DBB1F3A}"
EndProject
Project("{FAE04EC0-301F-11D3-BF4B-00C04F79EFBC}") = "PGRFlyCaptureTestCSharp", "PGRFlyCaptureTestCSharp\PGRFlyCaptureTestCSharp.csproj", "{87A9D8F2-F988-4B27-92D7-B0CA5FE97441}"
EndProject
Project("{8BC9CEB8-8B4A-11D0-8D11-00A0C91BC942}") = "SaveImageToFlashEx", "SaveImageToFlashEx\SaveImageToFlashEx.vcproj", "{C21945BA-CE24-4772-8250-71749B927E07}"
EndProject
Project("{8BC9CEB8-8B4A-11D0-8D11-00A0C91BC942}") = "SaveToAviEx", "SaveToAviEx\SaveToAviEx.vcproj", "{4936E94F-2897-4F99-960B-F1D37142E100}"
EndProject
Project("{8BC9CEB8-8B4A-11D0-8D11-00A0C91BC942}") = "SerialPortEx", "SerialPortEx\SerialPortEx.vcproj", "{8D03AB14-9E5B-4A1B-988D-BF0506874195}"
EndProject
Project("{8BC9CEB8-8B4A-11D0-8D11-00A0C91BC942}") = "FlyCap", "FlyCap\FlyCap.vcproj", "{128DE1BA-1187-45EA-AD72-16A3D08CC352}"
EndProject
Project("{8BC9CEB8-8B4A-11D0-8D11-00A0C91BC942}") = "HighDynamicRangeEx", "HighDynamicRangeEx\HighDynamicRangeEx.vcproj", "{FDDD23C1-7944-4B1D-BAA0-E6C6C73A7F14}"
EndProject
Project("{8BC9CEB8-8B4A-11D0-8D11-00A0C91BC942}") = "MultipleCameraWriteToDiskEx", "MultipleCameraWriteToDiskEx\MultipleCameraWriteToDiskEx.vcproj", "{B6E4F7C1-D7DB-40FC-AA46-3B1BDC9EE8AE}"
EndProject
Project("{8BC9CEB8-8B4A-11D0-8D11-00A0C91BC942}") = "MultipleCameraPlusEx", "MultipleCameraPlusEx\MultipleCameraPlusEx.vcproj", "{D3013059-2E81-4040-B191-EEB5C0A4B33A}"
EndProject
Project("{FAE04EC0-301F-11D3-BF4B-00C04F79EFBC}") = "ActiveFlyCapCSharpEx", "FlyCaptureActiveXCSharpEx\ActiveFlyCapCSharpEx.csproj", "{320C2D4B-B7BD-43F1-B1F2-3A5EB805F78F}"
EndProject
Global
	GlobalSection(SolutionConfigurationPlatforms) = preSolution
		Debug|Any CPU = Debug|Any CPU
		Debug|Mixed Platforms = Debug|Mixed Platforms
		Debug|Win32 = Debug|Win32
		Debug|x64 = Debug|x64
		Release|Any CPU = Release|Any CPU
		Release|Mixed Platforms = Release|Mixed Platforms
		Release|Win32 = Release|Win32
		Release|x64 = Release|x64
	EndGlobalSection
	GlobalSection(ProjectConfigurationPlatforms) = postSolution
		{C254416A-B6FB-4F1C-90E9-756CEFE218C2}.Debug|Any CPU.ActiveCfg = Debug|x64
		{C254416A-B6FB-4F1C-90E9-756CEFE218C2}.Debug|Mixed Platforms.ActiveCfg = Debug|x64
		{C254416A-B6FB-4F1C-90E9-756CEFE218C2}.Debug|Mixed Platforms.Build.0 = Debug|x64
		{C254416A-B6FB-4F1C-90E9-756CEFE218C2}.Debug|Win32.ActiveCfg = Debug|Win32
		{C254416A-B6FB-4F1C-90E9-756CEFE218C2}.Debug|Win32.Build.0 = Debug|Win32
		{C254416A-B6FB-4F1C-90E9-756CEFE218C2}.Debug|x64.ActiveCfg = Debug|x64
		{C254416A-B6FB-4F1C-90E9-756CEFE218C2}.Debug|x64.Build.0 = Debug|x64
		{C254416A-B6FB-4F1C-90E9-756CEFE218C2}.Release|Any CPU.ActiveCfg = Release|x64
		{C254416A-B6FB-4F1C-90E9-756CEFE218C2}.Release|Mixed Platforms.ActiveCfg = Release|x64
		{C254416A-B6FB-4F1C-90E9-756CEFE218C2}.Release|Mixed Platforms.Build.0 = Release|x64
		{C254416A-B6FB-4F1C-90E9-756CEFE218C2}.Release|Win32.ActiveCfg = Release|Win32
		{C254416A-B6FB-4F1C-90E9-756CEFE218C2}.Release|Win32.Build.0 = Release|Win32
		{C254416A-B6FB-4F1C-90E9-756CEFE218C2}.Release|x64.ActiveCfg = Release|x64
		{C254416A-B6FB-4F1C-90E9-756CEFE218C2}.Release|x64.Build.0 = Release|x64
		{4537276F-BB2C-4C7B-A19B-2EEB28EB157C}.Debug|Any CPU.ActiveCfg = Debug|x64
		{4537276F-BB2C-4C7B-A19B-2EEB28EB157C}.Debug|Mixed Platforms.ActiveCfg = Debug|x64
		{4537276F-BB2C-4C7B-A19B-2EEB28EB157C}.Debug|Mixed Platforms.Build.0 = Debug|x64
		{4537276F-BB2C-4C7B-A19B-2EEB28EB157C}.Debug|Win32.ActiveCfg = Debug|Win32
		{4537276F-BB2C-4C7B-A19B-2EEB28EB157C}.Debug|Win32.Build.0 = Debug|Win32
		{4537276F-BB2C-4C7B-A19B-2EEB28EB157C}.Debug|x64.ActiveCfg = Debug|x64
		{4537276F-BB2C-4C7B-A19B-2EEB28EB157C}.Debug|x64.Build.0 = Debug|x64
		{4537276F-BB2C-4C7B-A19B-2EEB28EB157C}.Release|Any CPU.ActiveCfg = Release|x64
		{4537276F-BB2C-4C7B-A19B-2EEB28EB157C}.Release|Mixed Platforms.ActiveCfg = Release|x64
		{4537276F-BB2C-4C7B-A19B-2EEB28EB157C}.Release|Mixed Platforms.Build.0 = Release|x64
		{4537276F-BB2C-4C7B-A19B-2EEB28EB157C}.Release|Win32.ActiveCfg = Release|Win32
		{4537276F-BB2C-4C7B-A19B-2EEB28EB157C}.Release|Win32.Build.0 = Release|Win32
		{4537276F-BB2C-4C7B-A19B-2EEB28EB157C}.Release|x64.ActiveCfg = Release|x64
		{4537276F-BB2C-4C7B-A19B-2EEB28EB157C}.Release|x64.Build.0 = Release|x64
		{EE81E338-676C-44A9-AFDC-78262422E85E}.Debug|Any CPU.ActiveCfg = Debug|x64
		{EE81E338-676C-44A9-AFDC-78262422E85E}.Debug|Mixed Platforms.ActiveCfg = Debug|x64
		{EE81E338-676C-44A9-AFDC-78262422E85E}.Debug|Mixed Platforms.Build.0 = Debug|x64
		{EE81E338-676C-44A9-AFDC-78262422E85E}.Debug|Win32.ActiveCfg = Debug|Win32
		{EE81E338-676C-44A9-AFDC-78262422E85E}.Debug|Win32.Build.0 = Debug|Win32
		{EE81E338-676C-44A9-AFDC-78262422E85E}.Debug|x64.ActiveCfg = Debug|x64
		{EE81E338-676C-44A9-AFDC-78262422E85E}.Debug|x64.Build.0 = Debug|x64
		{EE81E338-676C-44A9-AFDC-78262422E85E}.Release|Any CPU.ActiveCfg = Release|x64
		{EE81E338-676C-44A9-AFDC-78262422E85E}.Release|Mixed Platforms.ActiveCfg = Release|x64
		{EE81E338-676C-44A9-AFDC-78262422E85E}.Release|Mixed Platforms.Build.0 = Release|x64
		{EE81E338-676C-44A9-AFDC-78262422E85E}.Release|Win32.ActiveCfg = Release|Win32
		{EE81E338-676C-44A9-AFDC-78262422E85E}.Release|Win32.Build.0 = Release|Win32
		{EE81E338-676C-44A9-AFDC-78262422E85E}.Release|x64.ActiveCfg = Release|x64
		{EE81E338-676C-44A9-AFDC-78262422E85E}.Release|x64.Build.0 = Release|x64
		{C1EC6FB3-4088-4BF1-A38B-E821A6DBE92E}.Debug|Any CPU.ActiveCfg = Debug|x64
		{C1EC6FB3-4088-4BF1-A38B-E821A6DBE92E}.Debug|Mixed Platforms.ActiveCfg = Debug|x64
		{C1EC6FB3-4088-4BF1-A38B-E821A6DBE92E}.Debug|Mixed Platforms.Build.0 = Debug|x64
		{C1EC6FB3-4088-4BF1-A38B-E821A6DBE92E}.Debug|Win32.ActiveCfg = Debug|Win32
		{C1EC6FB3-4088-4BF1-A38B-E821A6DBE92E}.Debug|Win32.Build.0 = Debug|Win32
		{C1EC6FB3-4088-4BF1-A38B-E821A6DBE92E}.Debug|x64.ActiveCfg = Debug|x64
		{C1EC6FB3-4088-4BF1-A38B-E821A6DBE92E}.Debug|x64.Build.0 = Debug|x64
		{C1EC6FB3-4088-4BF1-A38B-E821A6DBE92E}.Release|Any CPU.ActiveCfg = Release|x64
		{C1EC6FB3-4088-4BF1-A38B-E821A6DBE92E}.Release|Mixed Platforms.ActiveCfg = Release|x64
		{C1EC6FB3-4088-4BF1-A38B-E821A6DBE92E}.Release|Mixed Platforms.Build.0 = Release|x64
		{C1EC6FB3-4088-4BF1-A38B-E821A6DBE92E}.Release|Win32.ActiveCfg = Release|Win32
		{C1EC6FB3-4088-4BF1-A38B-E821A6DBE92E}.Release|Win32.Build.0 = Release|Win32
		{C1EC6FB3-4088-4BF1-A38B-E821A6DBE92E}.Release|x64.ActiveCfg = Release|x64
		{C1EC6FB3-4088-4BF1-A38B-E821A6DBE92E}.Release|x64.Build.0 = Release|x64
		{9E290E12-D5F9-4D94-8153-6D33374345E2}.Debug|Any CPU.ActiveCfg = Debug|Any CPU
		{9E290E12-D5F9-4D94-8153-6D33374345E2}.Debug|Any CPU.Build.0 = Debug|Any CPU
		{9E290E12-D5F9-4D94-8153-6D33374345E2}.Debug|Mixed Platforms.ActiveCfg = Debug|Any CPU
		{9E290E12-D5F9-4D94-8153-6D33374345E2}.Debug|Mixed Platforms.Build.0 = Debug|Any CPU
		{9E290E12-D5F9-4D94-8153-6D33374345E2}.Debug|Win32.ActiveCfg = Debug|Any CPU
		{9E290E12-D5F9-4D94-8153-6D33374345E2}.Debug|Win32.Build.0 = Debug|Any CPU
		{9E290E12-D5F9-4D94-8153-6D33374345E2}.Debug|x64.ActiveCfg = Debug|Any CPU
		{9E290E12-D5F9-4D94-8153-6D33374345E2}.Debug|x64.Build.0 = Debug|Any CPU
		{9E290E12-D5F9-4D94-8153-6D33374345E2}.Release|Any CPU.ActiveCfg = Release|Any CPU
		{9E290E12-D5F9-4D94-8153-6D33374345E2}.Release|Any CPU.Build.0 = Release|Any CPU
		{9E290E12-D5F9-4D94-8153-6D33374345E2}.Release|Mixed Platforms.ActiveCfg = Release|Any CPU
		{9E290E12-D5F9-4D94-8153-6D33374345E2}.Release|Mixed Platforms.Build.0 = Release|Any CPU
		{9E290E12-D5F9-4D94-8153-6D33374345E2}.Release|Win32.ActiveCfg = Release|Any CPU
		{9E290E12-D5F9-4D94-8153-6D33374345E2}.Release|Win32.Build.0 = Release|Any CPU
		{9E290E12-D5F9-4D94-8153-6D33374345E2}.Release|x64.ActiveCfg = Release|Any CPU
		{9E290E12-D5F9-4D94-8153-6D33374345E2}.Release|x64.Build.0 = Release|Any CPU
		{25A70456-ADB5-48DB-8F16-6DAD88682FDB}.Debug|Any CPU.ActiveCfg = Debug|x64
		{25A70456-ADB5-48DB-8F16-6DAD88682FDB}.Debug|Mixed Platforms.ActiveCfg = Debug|x64
		{25A70456-ADB5-48DB-8F16-6DAD88682FDB}.Debug|Mixed Platforms.Build.0 = Debug|x64
		{25A70456-ADB5-48DB-8F16-6DAD88682FDB}.Debug|Win32.ActiveCfg = Debug|Win32
		{25A70456-ADB5-48DB-8F16-6DAD88682FDB}.Debug|Win32.Build.0 = Debug|Win32
		{25A70456-ADB5-48DB-8F16-6DAD88682FDB}.Debug|x64.ActiveCfg = Debug|x64
		{25A70456-ADB5-48DB-8F16-6DAD88682FDB}.Debug|x64.Build.0 = Debug|x64
		{25A70456-ADB5-48DB-8F16-6DAD88682FDB}.Release|Any CPU.ActiveCfg = Release|x64
		{25A70456-ADB5-48DB-8F16-6DAD88682FDB}.Release|Mixed Platforms.ActiveCfg = Release|x64
		{25A70456-ADB5-48DB-8F16-6DAD88682FDB}.Release|Mixed Platforms.Build.0 = Release|x64
		{25A70456-ADB5-48DB-8F16-6DAD88682FDB}.Release|Win32.ActiveCfg = Release|Win32
		{25A70456-ADB5-48DB-8F16-6DAD88682FDB}.Release|Win32.Build.0 = Release|Win32
		{25A70456-ADB5-48DB-8F16-6DAD88682FDB}.Release|x64.ActiveCfg = Release|x64
		{25A70456-ADB5-48DB-8F16-6DAD88682FDB}.Release|x64.Build.0 = Release|x64
		{BCF7DB4A-C5FD-49A5-8D88-424606F62F29}.Debug|Any CPU.ActiveCfg = Debug|x64
		{BCF7DB4A-C5FD-49A5-8D88-424606F62F29}.Debug|Mixed Platforms.ActiveCfg = Debug|x64
		{BCF7DB4A-C5FD-49A5-8D88-424606F62F29}.Debug|Mixed Platforms.Build.0 = Debug|x64
		{BCF7DB4A-C5FD-49A5-8D88-424606F62F29}.Debug|Win32.ActiveCfg = Debug|Win32
		{BCF7DB4A-C5FD-49A5-8D88-424606F62F29}.Debug|Win32.Build.0 = Debug|Win32
		{BCF7DB4A-C5FD-49A5-8D88-424606F62F29}.Debug|x64.ActiveCfg = Debug|x64
		{BCF7DB4A-C5FD-49A5-8D88-424606F62F29}.Debug|x64.Build.0 = Debug|x64
		{BCF7DB4A-C5FD-49A5-8D88-424606F62F29}.Release|Any CPU.ActiveCfg = Release|x64
		{BCF7DB4A-C5FD-49A5-8D88-424606F62F29}.Release|Mixed Platforms.ActiveCfg = Release|x64
		{BCF7DB4A-C5FD-49A5-8D88-424606F62F29}.Release|Mixed Platforms.Build.0 = Release|x64
		{BCF7DB4A-C5FD-49A5-8D88-424606F62F29}.Release|Win32.ActiveCfg = Release|Win32
		{BCF7DB4A-C5FD-49A5-8D88-424606F62F29}.Release|Win32.Build.0 = Release|Win32
		{BCF7DB4A-C5FD-49A5-8D88-424606F62F29}.Release|x64.ActiveCfg = Release|x64
		{BCF7DB4A-C5FD-49A5-8D88-424606F62F29}.Release|x64.Build.0 = Release|x64
		{F0A5DDE4-772E-41F4-822F-565244025329}.Debug|Any CPU.ActiveCfg = Debug|x64
		{F0A5DDE4-772E-41F4-822F-565244025329}.Debug|Mixed Platforms.ActiveCfg = Debug|x64
		{F0A5DDE4-772E-41F4-822F-565244025329}.Debug|Mixed Platforms.Build.0 = Debug|x64
		{F0A5DDE4-772E-41F4-822F-565244025329}.Debug|Win32.ActiveCfg = Debug|Win32
		{F0A5DDE4-772E-41F4-822F-565244025329}.Debug|Win32.Build.0 = Debug|Win32
		{F0A5DDE4-772E-41F4-822F-565244025329}.Debug|x64.ActiveCfg = Debug|x64
		{F0A5DDE4-772E-41F4-822F-565244025329}.Debug|x64.Build.0 = Debug|x64
		{F0A5DDE4-772E-41F4-822F-565244025329}.Release|Any CPU.ActiveCfg = Release|x64
		{F0A5DDE4-772E-41F4-822F-565244025329}.Release|Mixed Platforms.ActiveCfg = Release|x64
		{F0A5DDE4-772E-41F4-822F-565244025329}.Release|Mixed Platforms.Build.0 = Release|x64
		{F0A5DDE4-772E-41F4-822F-565244025329}.Release|Win32.ActiveCfg = Release|Win32
		{F0A5DDE4-772E-41F4-822F-565244025329}.Release|Win32.Build.0 = Release|Win32
		{F0A5DDE4-772E-41F4-822F-565244025329}.Release|x64.ActiveCfg = Release|x64
		{F0A5DDE4-772E-41F4-822F-565244025329}.Release|x64.Build.0 = Release|x64
		{BC799761-5E19-4060-8BC4-636D8DBB1F3A}.Debug|Any CPU.ActiveCfg = Debug|x64
		{BC799761-5E19-4060-8BC4-636D8DBB1F3A}.Debug|Mixed Platforms.ActiveCfg = Debug|x64
		{BC799761-5E19-4060-8BC4-636D8DBB1F3A}.Debug|Mixed Platforms.Build.0 = Debug|x64
		{BC799761-5E19-4060-8BC4-636D8DBB1F3A}.Debug|Win32.ActiveCfg = Debug|Win32
		{BC799761-5E19-4060-8BC4-636D8DBB1F3A}.Debug|Win32.Build.0 = Debug|Win32
		{BC799761-5E19-4060-8BC4-636D8DBB1F3A}.Debug|x64.ActiveCfg = Debug|x64
		{BC799761-5E19-4060-8BC4-636D8DBB1F3A}.Debug|x64.Build.0 = Debug|x64
		{BC799761-5E19-4060-8BC4-636D8DBB1F3A}.Release|Any CPU.ActiveCfg = Release|x64
		{BC799761-5E19-4060-8BC4-636D8DBB1F3A}.Release|Mixed Platforms.ActiveCfg = Release|x64
		{BC799761-5E19-4060-8BC4-636D8DBB1F3A}.Release|Mixed Platforms.Build.0 = Release|x64
		{BC799761-5E19-4060-8BC4-636D8DBB1F3A}.Release|Win32.ActiveCfg = Release|Win32
		{BC799761-5E19-4060-8BC4-636D8DBB1F3A}.Release|Win32.Build.0 = Release|Win32
		{BC799761-5E19-4060-8BC4-636D8DBB1F3A}.Release|x64.ActiveCfg = Release|x64
		{BC799761-5E19-4060-8BC4-636D8DBB1F3A}.Release|x64.Build.0 = Release|x64
		{87A9D8F2-F988-4B27-92D7-B0CA5FE97441}.Debug|Any CPU.ActiveCfg = Debug|Any CPU
		{87A9D8F2-F988-4B27-92D7-B0CA5FE97441}.Debug|Any CPU.Build.0 = Debug|Any CPU
		{87A9D8F2-F988-4B27-92D7-B0CA5FE97441}.Debug|Mixed Platforms.ActiveCfg = Debug|Any CPU
		{87A9D8F2-F988-4B27-92D7-B0CA5FE97441}.Debug|Mixed Platforms.Build.0 = Debug|Any CPU
		{87A9D8F2-F988-4B27-92D7-B0CA5FE97441}.Debug|Win32.ActiveCfg = Debug|Any CPU
		{87A9D8F2-F988-4B27-92D7-B0CA5FE97441}.Debug|Win32.Build.0 = Debug|Any CPU
		{87A9D8F2-F988-4B27-92D7-B0CA5FE97441}.Debug|x64.ActiveCfg = Debug|Any CPU
		{87A9D8F2-F988-4B27-92D7-B0CA5FE97441}.Debug|x64.Build.0 = Debug|Any CPU
		{87A9D8F2-F988-4B27-92D7-B0CA5FE97441}.Release|Any CPU.ActiveCfg = Release|Any CPU
		{87A9D8F2-F988-4B27-92D7-B0CA5FE97441}.Release|Any CPU.Build.0 = Release|Any CPU
		{87A9D8F2-F988-4B27-92D7-B0CA5FE97441}.Release|Mixed Platforms.ActiveCfg = Release|Any CPU
		{87A9D8F2-F988-4B27-92D7-B0CA5FE97441}.Release|Mixed Platforms.Build.0 = Release|Any CPU
		{87A9D8F2-F988-4B27-92D7-B0CA5FE97441}.Release|Win32.ActiveCfg = Release|Any CPU
		{87A9D8F2-F988-4B27-92D7-B0CA5FE97441}.Release|Win32.Build.0 = Release|Any CPU
		{87A9D8F2-F988-4B27-92D7-B0CA5FE97441}.Release|x64.ActiveCfg = Release|Any CPU
		{87A9D8F2-F988-4B27-92D7-B0CA5FE97441}.Release|x64.Build.0 = Release|Any CPU
		{C21945BA-CE24-4772-8250-71749B927E07}.Debug|Any CPU.ActiveCfg = Debug|Win32
		{C21945BA-CE24-4772-8250-71749B927E07}.Debug|Mixed Platforms.ActiveCfg = Debug|Win32
		{C21945BA-CE24-4772-8250-71749B927E07}.Debug|Mixed Platforms.Build.0 = Debug|Win32
		{C21945BA-CE24-4772-8250-71749B927E07}.Debug|Win32.ActiveCfg = Debug|Win32
		{C21945BA-CE24-4772-8250-71749B927E07}.Debug|Win32.Build.0 = Debug|Win32
		{C21945BA-CE24-4772-8250-71749B927E07}.Debug|x64.ActiveCfg = Debug|x64
		{C21945BA-CE24-4772-8250-71749B927E07}.Debug|x64.Build.0 = Debug|x64
		{C21945BA-CE24-4772-8250-71749B927E07}.Release|Any CPU.ActiveCfg = Release|Win32
		{C21945BA-CE24-4772-8250-71749B927E07}.Release|Mixed Platforms.ActiveCfg = Release|Win32
		{C21945BA-CE24-4772-8250-71749B927E07}.Release|Mixed Platforms.Build.0 = Release|Win32
		{C21945BA-CE24-4772-8250-71749B927E07}.Release|Win32.ActiveCfg = Release|Win32
		{C21945BA-CE24-4772-8250-71749B927E07}.Release|Win32.Build.0 = Release|Win32
		{C21945BA-CE24-4772-8250-71749B927E07}.Release|x64.ActiveCfg = Release|x64
		{C21945BA-CE24-4772-8250-71749B927E07}.Release|x64.Build.0 = Release|x64
		{4936E94F-2897-4F99-960B-F1D37142E100}.Debug|Any CPU.ActiveCfg = Debug|x64
		{4936E94F-2897-4F99-960B-F1D37142E100}.Debug|Mixed Platforms.ActiveCfg = Debug|x64
		{4936E94F-2897-4F99-960B-F1D37142E100}.Debug|Mixed Platforms.Build.0 = Debug|x64
		{4936E94F-2897-4F99-960B-F1D37142E100}.Debug|Win32.ActiveCfg = Debug|Win32
		{4936E94F-2897-4F99-960B-F1D37142E100}.Debug|Win32.Build.0 = Debug|Win32
		{4936E94F-2897-4F99-960B-F1D37142E100}.Debug|x64.ActiveCfg = Debug|x64
		{4936E94F-2897-4F99-960B-F1D37142E100}.Debug|x64.Build.0 = Debug|x64
		{4936E94F-2897-4F99-960B-F1D37142E100}.Release|Any CPU.ActiveCfg = Release|x64
		{4936E94F-2897-4F99-960B-F1D37142E100}.Release|Mixed Platforms.ActiveCfg = Release|x64
		{4936E94F-2897-4F99-960B-F1D37142E100}.Release|Mixed Platforms.Build.0 = Release|x64
		{4936E94F-2897-4F99-960B-F1D37142E100}.Release|Win32.ActiveCfg = Release|Win32
		{4936E94F-2897-4F99-960B-F1D37142E100}.Release|Win32.Build.0 = Release|Win32
		{4936E94F-2897-4F99-960B-F1D37142E100}.Release|x64.ActiveCfg = Release|x64
		{4936E94F-2897-4F99-960B-F1D37142E100}.Release|x64.Build.0 = Release|x64
		{8D03AB14-9E5B-4A1B-988D-BF0506874195}.Debug|Any CPU.ActiveCfg = Debug|x64
		{8D03AB14-9E5B-4A1B-988D-BF0506874195}.Debug|Mixed Platforms.ActiveCfg = Debug|x64
		{8D03AB14-9E5B-4A1B-988D-BF0506874195}.Debug|Mixed Platforms.Build.0 = Debug|x64
		{8D03AB14-9E5B-4A1B-988D-BF0506874195}.Debug|Win32.ActiveCfg = Debug|Win32
		{8D03AB14-9E5B-4A1B-988D-BF0506874195}.Debug|Win32.Build.0 = Debug|Win32
		{8D03AB14-9E5B-4A1B-988D-BF0506874195}.Debug|x64.ActiveCfg = Debug|x64
		{8D03AB14-9E5B-4A1B-988D-BF0506874195}.Debug|x64.Build.0 = Debug|x64
		{8D03AB14-9E5B-4A1B-988D-BF0506874195}.Release|Any CPU.ActiveCfg = Release|x64
		{8D03AB14-9E5B-4A1B-988D-BF0506874195}.Release|Mixed Platforms.ActiveCfg = Release|x64
		{8D03AB14-9E5B-4A1B-988D-BF0506874195}.Release|Mixed Platforms.Build.0 = Release|x64
		{8D03AB14-9E5B-4A1B-988D-BF0506874195}.Release|Win32.ActiveCfg = Release|Win32
		{8D03AB14-9E5B-4A1B-988D-BF0506874195}.Release|Win32.Build.0 = Release|Win32
		{8D03AB14-9E5B-4A1B-988D-BF0506874195}.Release|x64.ActiveCfg = Release|x64
		{8D03AB14-9E5B-4A1B-988D-BF0506874195}.Release|x64.Build.0 = Release|x64
		{128DE1BA-1187-45EA-AD72-16A3D08CC352}.Debug|Any CPU.ActiveCfg = Debug|Win32
		{128DE1BA-1187-45EA-AD72-16A3D08CC352}.Debug|Mixed Platforms.ActiveCfg = Debug|Win32
		{128DE1BA-1187-45EA-AD72-16A3D08CC352}.Debug|Mixed Platforms.Build.0 = Debug|Win32
		{128DE1BA-1187-45EA-AD72-16A3D08CC352}.Debug|Win32.ActiveCfg = Debug|Win32
		{128DE1BA-1187-45EA-AD72-16A3D08CC352}.Debug|Win32.Build.0 = Debug|Win32
		{128DE1BA-1187-45EA-AD72-16A3D08CC352}.Debug|x64.ActiveCfg = Debug|x64
		{128DE1BA-1187-45EA-AD72-16A3D08CC352}.Debug|x64.Build.0 = Debug|x64
		{128DE1BA-1187-45EA-AD72-16A3D08CC352}.Release|Any CPU.ActiveCfg = Release|Win32
		{128DE1BA-1187-45EA-AD72-16A3D08CC352}.Release|Mixed Platforms.ActiveCfg = Release|Win32
		{128DE1BA-1187-45EA-AD72-16A3D08CC352}.Release|Mixed Platforms.Build.0 = Release|Win32
		{128DE1BA-1187-45EA-AD72-16A3D08CC352}.Release|Win32.ActiveCfg = Release|Win32
		{128DE1BA-1187-45EA-AD72-16A3D08CC352}.Release|Win32.Build.0 = Release|Win32
		{128DE1BA-1187-45EA-AD72-16A3D08CC352}.Release|x64.ActiveCfg = Release|x64
		{128DE1BA-1187-45EA-AD72-16A3D08CC352}.Release|x64.Build.0 = Release|x64
		{FDDD23C1-7944-4B1D-BAA0-E6C6C73A7F14}.Debug|Any CPU.ActiveCfg = Debug|x64
		{FDDD23C1-7944-4B1D-BAA0-E6C6C73A7F14}.Debug|Mixed Platforms.ActiveCfg = Debug|x64
		{FDDD23C1-7944-4B1D-BAA0-E6C6C73A7F14}.Debug|Mixed Platforms.Build.0 = Debug|x64
		{FDDD23C1-7944-4B1D-BAA0-E6C6C73A7F14}.Debug|Win32.ActiveCfg = Debug|Win32
		{FDDD23C1-7944-4B1D-BAA0-E6C6C73A7F14}.Debug|Win32.Build.0 = Debug|Win32
		{FDDD23C1-7944-4B1D-BAA0-E6C6C73A7F14}.Debug|x64.ActiveCfg = Debug|x64
		{FDDD23C1-7944-4B1D-BAA0-E6C6C73A7F14}.Debug|x64.Build.0 = Debug|x64
		{FDDD23C1-7944-4B1D-BAA0-E6C6C73A7F14}.Release|Any CPU.ActiveCfg = Release|x64
		{FDDD23C1-7944-4B1D-BAA0-E6C6C73A7F14}.Release|Mixed Platforms.ActiveCfg = Release|x64
		{FDDD23C1-7944-4B1D-BAA0-E6C6C73A7F14}.Release|Mixed Platforms.Build.0 = Release|x64
		{FDDD23C1-7944-4B1D-BAA0-E6C6C73A7F14}.Release|Win32.ActiveCfg = Release|Win32
		{FDDD23C1-7944-4B1D-BAA0-E6C6C73A7F14}.Release|Win32.Build.0 = Release|Win32
		{FDDD23C1-7944-4B1D-BAA0-E6C6C73A7F14}.Release|x64.ActiveCfg = Release|x64
		{FDDD23C1-7944-4B1D-BAA0-E6C6C73A7F14}.Release|x64.Build.0 = Release|x64
		{B6E4F7C1-D7DB-40FC-AA46-3B1BDC9EE8AE}.Debug|Any CPU.ActiveCfg = Debug|Win32
		{B6E4F7C1-D7DB-40FC-AA46-3B1BDC9EE8AE}.Debug|Mixed Platforms.ActiveCfg = Debug|Win32
		{B6E4F7C1-D7DB-40FC-AA46-3B1BDC9EE8AE}.Debug|Mixed Platforms.Build.0 = Debug|Win32
		{B6E4F7C1-D7DB-40FC-AA46-3B1BDC9EE8AE}.Debug|Win32.ActiveCfg = Debug|Win32
		{B6E4F7C1-D7DB-40FC-AA46-3B1BDC9EE8AE}.Debug|Win32.Build.0 = Debug|Win32
		{B6E4F7C1-D7DB-40FC-AA46-3B1BDC9EE8AE}.Debug|x64.ActiveCfg = Debug|x64
		{B6E4F7C1-D7DB-40FC-AA46-3B1BDC9EE8AE}.Debug|x64.Build.0 = Debug|x64
		{B6E4F7C1-D7DB-40FC-AA46-3B1BDC9EE8AE}.Release|Any CPU.ActiveCfg = Release|Win32
		{B6E4F7C1-D7DB-40FC-AA46-3B1BDC9EE8AE}.Release|Mixed Platforms.ActiveCfg = Release|Win32
		{B6E4F7C1-D7DB-40FC-AA46-3B1BDC9EE8AE}.Release|Mixed Platforms.Build.0 = Release|Win32
		{B6E4F7C1-D7DB-40FC-AA46-3B1BDC9EE8AE}.Release|Win32.ActiveCfg = Release|Win32
		{B6E4F7C1-D7DB-40FC-AA46-3B1BDC9EE8AE}.Release|Win32.Build.0 = Release|Win32
		{B6E4F7C1-D7DB-40FC-AA46-3B1BDC9EE8AE}.Release|x64.ActiveCfg = Release|x64
		{B6E4F7C1-D7DB-40FC-AA46-3B1BDC9EE8AE}.Release|x64.Build.0 = Release|x64
		{D3013059-2E81-4040-B191-EEB5C0A4B33A}.Debug|Any CPU.ActiveCfg = Debug|Win32
		{D3013059-2E81-4040-B191-EEB5C0A4B33A}.Debug|Mixed Platforms.ActiveCfg = Debug|Win32
		{D3013059-2E81-4040-B191-EEB5C0A4B33A}.Debug|Mixed Platforms.Build.0 = Debug|Win32
		{D3013059-2E81-4040-B191-EEB5C0A4B33A}.Debug|Win32.ActiveCfg = Debug|Win32
		{D3013059-2E81-4040-B191-EEB5C0A4B33A}.Debug|Win32.Build.0 = Debug|Win32
		{D3013059-2E81-4040-B191-EEB5C0A4B33A}.Debug|x64.ActiveCfg = Debug|x64
		{D3013059-2E81-4040-B191-EEB5C0A4B33A}.Debug|x64.Build.0 = Debug|x64
		{D3013059-2E81-4040-B191-EEB5C0A4B33A}.Release|Any CPU.ActiveCfg = Release|Win32
		{D3013059-2E81-4040-B191-EEB5C0A4B33A}.Release|Mixed Platforms.ActiveCfg = Release|Win32
		{D3013059-2E81-4040-B191-EEB5C0A4B33A}.Release|Mixed Platforms.Build.0 = Release|Win32
		{D3013059-2E81-4040-B191-EEB5C0A4B33A}.Release|Win32.ActiveCfg = Release|Win32
		{D3013059-2E81-4040-B191-EEB5C0A4B33A}.Release|Win32.Build.0 = Release|Win32
		{D3013059-2E81-4040-B191-EEB5C0A4B33A}.Release|x64.ActiveCfg = Release|x64
		{D3013059-2E81-4040-B191-EEB5C0A4B33A}.Release|x64.Build.0 = Release|x64
		{320C2D4B-B7BD-43F1-B1F2-3A5EB805F78F}.Debug|Any CPU.ActiveCfg = Debug|Any CPU
		{320C2D4B-B7BD-43F1-B1F2-3A5EB805F78F}.Debug|Any CPU.Build.0 = Debug|Any CPU
		{320C2D4B-B7BD-43F1-B1F2-3A5EB805F78F}.Debug|Mixed Platforms.ActiveCfg = Debug|Any CPU
		{320C2D4B-B7BD-43F1-B1F2-3A5EB805F78F}.Debug|Mixed Platforms.Build.0 = Debug|Any CPU
		{320C2D4B-B7BD-43F1-B1F2-3A5EB805F78F}.Debug|Win32.ActiveCfg = Debug|Any CPU
		{320C2D4B-B7BD-43F1-B1F2-3A5EB805F78F}.Debug|x64.ActiveCfg = Debug|Any CPU
		{320C2D4B-B7BD-43F1-B1F2-3A5EB805F78F}.Release|Any CPU.ActiveCfg = Release|Any CPU
		{320C2D4B-B7BD-43F1-B1F2-3A5EB805F78F}.Release|Any CPU.Build.0 = Release|Any CPU
		{320C2D4B-B7BD-43F1-B1F2-3A5EB805F78F}.Release|Mixed Platforms.ActiveCfg = Release|Any CPU
		{320C2D4B-B7BD-43F1-B1F2-3A5EB805F78F}.Release|Mixed Platforms.Build.0 = Release|Any CPU
		{320C2D4B-B7BD-43F1-B1F2-3A5EB805F78F}.Release|Win32.ActiveCfg = Release|Any CPU
		{320C2D4B-B7BD-43F1-B1F2-3A5EB805F78F}.Release|x64.ActiveCfg = Release|Any CPU
	EndGlobalSection
	GlobalSection(SolutionProperties) = preSolution
		HideSolutionNode = FALSE
	EndGlobalSection
EndGlobal
