<?xml version="1.0" encoding="UTF-8" standalone="yes" ?>
<CodeBlocks_project_file>
	<FileVersion major="1" minor="6" />
	<Project>
		<Option title="PCTConvert" />
		<Option pch_mode="2" />
		<Option compiler="gcc" />
		<Build>
			<Target title="Debug">
				<Option output="bin/Debug/PCTConvert" prefix_auto="1" extension_auto="1" />
				<Option object_output="obj/Debug/" />
				<Option type="1" />
				<Option compiler="gcc" />
				<Compiler>
					<Add option="-g" />
				</Compiler>
				<Linker>
					<Add library="C:\Program Files (x86)\PCL 1.5.1\lib\pcl_apps_debug.lib" />
					<Add library="C:\Program Files (x86)\PCL 1.5.1\lib\pcl_apps_release.lib" />
					<Add library="C:\Program Files (x86)\PCL 1.5.1\lib\pcl_common_debug.lib" />
					<Add library="C:\Program Files (x86)\PCL 1.5.1\lib\pcl_common_release.lib" />
					<Add library="C:\Program Files (x86)\PCL 1.5.1\lib\pcl_features_debug.lib" />
					<Add library="C:\Program Files (x86)\PCL 1.5.1\lib\pcl_features_release.lib" />
					<Add library="C:\Program Files (x86)\PCL 1.5.1\lib\pcl_filters_debug.lib" />
					<Add library="C:\Program Files (x86)\PCL 1.5.1\lib\pcl_filters_release.lib" />
					<Add library="C:\Program Files (x86)\PCL 1.5.1\lib\pcl_io_debug.lib" />
					<Add library="C:\Program Files (x86)\PCL 1.5.1\lib\pcl_io_ply_debug.lib" />
					<Add library="C:\Program Files (x86)\PCL 1.5.1\lib\pcl_io_ply_release.lib" />
					<Add library="C:\Program Files (x86)\PCL 1.5.1\lib\pcl_io_release.lib" />
					<Add library="C:\Program Files (x86)\PCL 1.5.1\lib\pcl_kdtree_debug.lib" />
					<Add library="C:\Program Files (x86)\PCL 1.5.1\lib\pcl_kdtree_release.lib" />
					<Add library="C:\Program Files (x86)\PCL 1.5.1\lib\pcl_keypoints_debug.lib" />
					<Add library="C:\Program Files (x86)\PCL 1.5.1\lib\pcl_keypoints_release.lib" />
					<Add library="C:\Program Files (x86)\PCL 1.5.1\lib\pcl_octree_debug.lib" />
					<Add library="C:\Program Files (x86)\PCL 1.5.1\lib\pcl_octree_release.lib" />
					<Add library="C:\Program Files (x86)\PCL 1.5.1\lib\pcl_range_image_border_extractor_debug.lib" />
					<Add library="C:\Program Files (x86)\PCL 1.5.1\lib\pcl_range_image_border_extractor_release.lib" />
					<Add library="C:\Program Files (x86)\PCL 1.5.1\lib\pcl_registration_debug.lib" />
					<Add library="C:\Program Files (x86)\PCL 1.5.1\lib\pcl_registration_release.lib" />
					<Add library="C:\Program Files (x86)\PCL 1.5.1\lib\pcl_sample_consensus_debug.lib" />
					<Add library="C:\Program Files (x86)\PCL 1.5.1\lib\pcl_sample_consensus_release.lib" />
					<Add library="C:\Program Files (x86)\PCL 1.5.1\lib\pcl_search_debug.lib" />
					<Add library="C:\Program Files (x86)\PCL 1.5.1\lib\pcl_search_release.lib" />
					<Add library="C:\Program Files (x86)\PCL 1.5.1\lib\pcl_segmentation_debug.lib" />
					<Add library="C:\Program Files (x86)\PCL 1.5.1\lib\pcl_segmentation_release.lib" />
					<Add library="C:\Program Files (x86)\PCL 1.5.1\lib\pcl_surface_debug.lib" />
					<Add library="C:\Program Files (x86)\PCL 1.5.1\lib\pcl_surface_release.lib" />
					<Add library="C:\Program Files (x86)\PCL 1.5.1\lib\pcl_tracking_debug.lib" />
					<Add library="C:\Program Files (x86)\PCL 1.5.1\lib\pcl_tracking_release.lib" />
					<Add library="C:\Program Files (x86)\PCL 1.5.1\lib\pcl_visualization_debug.lib" />
					<Add library="C:\Program Files (x86)\PCL 1.5.1\lib\pcl_visualization_release.lib" />
				</Linker>
			</Target>
			<Target title="Release">
				<Option output="bin/Release/PCTConvert" prefix_auto="1" extension_auto="1" />
				<Option object_output="obj/Release/" />
				<Option type="1" />
				<Option compiler="gcc" />
				<Compiler>
					<Add option="-O2" />
				</Compiler>
				<Linker>
					<Add option="-s" />
				</Linker>
			</Target>
		</Build>
		<Compiler>
			<Add option="-Wall" />
			<Add option="-fexceptions" />
		</Compiler>
		<Unit filename="../../../../Program Files (x86)/PCL 1.5.1/include/pcl-1.5/pcl/ModelCoefficients.h" />
		<Unit filename="../../../../Program Files (x86)/PCL 1.5.1/include/pcl-1.5/pcl/PointIndices.h" />
		<Unit filename="../../../../Program Files (x86)/PCL 1.5.1/include/pcl-1.5/pcl/PolygonMesh.h" />
		<Unit filename="../../../../Program Files (x86)/PCL 1.5.1/include/pcl-1.5/pcl/TextureMesh.h" />
		<Unit filename="../../../../Program Files (x86)/PCL 1.5.1/include/pcl-1.5/pcl/Vertices.h" />
		<Unit filename="../../../../Program Files (x86)/PCL 1.5.1/include/pcl-1.5/pcl/apps/dominant_plane_segmentation.h" />
		<Unit filename="../../../../Program Files (x86)/PCL 1.5.1/include/pcl-1.5/pcl/apps/impl/dominant_plane_segmentation.hpp" />
		<Unit filename="../../../../Program Files (x86)/PCL 1.5.1/include/pcl-1.5/pcl/channel_properties.h" />
		<Unit filename="../../../../Program Files (x86)/PCL 1.5.1/include/pcl-1.5/pcl/cloud_properties.h" />
		<Unit filename="../../../../Program Files (x86)/PCL 1.5.1/include/pcl-1.5/pcl/common/angles.h" />
		<Unit filename="../../../../Program Files (x86)/PCL 1.5.1/include/pcl-1.5/pcl/common/bivariate_polynomial.h" />
		<Unit filename="../../../../Program Files (x86)/PCL 1.5.1/include/pcl-1.5/pcl/common/centroid.h" />
		<Unit filename="../../../../Program Files (x86)/PCL 1.5.1/include/pcl-1.5/pcl/common/common.h" />
		<Unit filename="../../../../Program Files (x86)/PCL 1.5.1/include/pcl-1.5/pcl/common/common_headers.h" />
		<Unit filename="../../../../Program Files (x86)/PCL 1.5.1/include/pcl-1.5/pcl/common/concatenate.h" />
		<Unit filename="../../../../Program Files (x86)/PCL 1.5.1/include/pcl-1.5/pcl/common/distances.h" />
		<Unit filename="../../../../Program Files (x86)/PCL 1.5.1/include/pcl-1.5/pcl/common/eigen.h" />
		<Unit filename="../../../../Program Files (x86)/PCL 1.5.1/include/pcl-1.5/pcl/common/file_io.h" />
		<Unit filename="../../../../Program Files (x86)/PCL 1.5.1/include/pcl-1.5/pcl/common/gaussian.h" />
		<Unit filename="../../../../Program Files (x86)/PCL 1.5.1/include/pcl-1.5/pcl/common/geometry.h" />
		<Unit filename="../../../../Program Files (x86)/PCL 1.5.1/include/pcl-1.5/pcl/common/impl/angles.hpp" />
		<Unit filename="../../../../Program Files (x86)/PCL 1.5.1/include/pcl-1.5/pcl/common/impl/bivariate_polynomial.hpp" />
		<Unit filename="../../../../Program Files (x86)/PCL 1.5.1/include/pcl-1.5/pcl/common/impl/centroid.hpp" />
		<Unit filename="../../../../Program Files (x86)/PCL 1.5.1/include/pcl-1.5/pcl/common/impl/common.hpp" />
		<Unit filename="../../../../Program Files (x86)/PCL 1.5.1/include/pcl-1.5/pcl/common/impl/eigen.hpp" />
		<Unit filename="../../../../Program Files (x86)/PCL 1.5.1/include/pcl-1.5/pcl/common/impl/file_io.hpp" />
		<Unit filename="../../../../Program Files (x86)/PCL 1.5.1/include/pcl-1.5/pcl/common/impl/gaussian.hpp" />
		<Unit filename="../../../../Program Files (x86)/PCL 1.5.1/include/pcl-1.5/pcl/common/impl/io.hpp" />
		<Unit filename="../../../../Program Files (x86)/PCL 1.5.1/include/pcl-1.5/pcl/common/impl/norms.hpp" />
		<Unit filename="../../../../Program Files (x86)/PCL 1.5.1/include/pcl-1.5/pcl/common/impl/pca.hpp" />
		<Unit filename="../../../../Program Files (x86)/PCL 1.5.1/include/pcl-1.5/pcl/common/impl/piecewise_linear_function.hpp" />
		<Unit filename="../../../../Program Files (x86)/PCL 1.5.1/include/pcl-1.5/pcl/common/impl/polynomial_calculations.hpp" />
		<Unit filename="../../../../Program Files (x86)/PCL 1.5.1/include/pcl-1.5/pcl/common/impl/transformation_from_correspondences.hpp" />
		<Unit filename="../../../../Program Files (x86)/PCL 1.5.1/include/pcl-1.5/pcl/common/impl/transforms.hpp" />
		<Unit filename="../../../../Program Files (x86)/PCL 1.5.1/include/pcl-1.5/pcl/common/impl/vector_average.hpp" />
		<Unit filename="../../../../Program Files (x86)/PCL 1.5.1/include/pcl-1.5/pcl/common/intersections.h" />
		<Unit filename="../../../../Program Files (x86)/PCL 1.5.1/include/pcl-1.5/pcl/common/io.h" />
		<Unit filename="../../../../Program Files (x86)/PCL 1.5.1/include/pcl-1.5/pcl/common/norms.h" />
		<Unit filename="../../../../Program Files (x86)/PCL 1.5.1/include/pcl-1.5/pcl/common/pca.h" />
		<Unit filename="../../../../Program Files (x86)/PCL 1.5.1/include/pcl-1.5/pcl/common/piecewise_linear_function.h" />
		<Unit filename="../../../../Program Files (x86)/PCL 1.5.1/include/pcl-1.5/pcl/common/point_correspondence.h" />
		<Unit filename="../../../../Program Files (x86)/PCL 1.5.1/include/pcl-1.5/pcl/common/point_operators.h" />
		<Unit filename="../../../../Program Files (x86)/PCL 1.5.1/include/pcl-1.5/pcl/common/polynomial_calculations.h" />
		<Unit filename="../../../../Program Files (x86)/PCL 1.5.1/include/pcl-1.5/pcl/common/poses_from_matches.h" />
		<Unit filename="../../../../Program Files (x86)/PCL 1.5.1/include/pcl-1.5/pcl/common/synchronizer.h" />
		<Unit filename="../../../../Program Files (x86)/PCL 1.5.1/include/pcl-1.5/pcl/common/time.h" />
		<Unit filename="../../../../Program Files (x86)/PCL 1.5.1/include/pcl-1.5/pcl/common/time_trigger.h" />
		<Unit filename="../../../../Program Files (x86)/PCL 1.5.1/include/pcl-1.5/pcl/common/transformation_from_correspondences.h" />
		<Unit filename="../../../../Program Files (x86)/PCL 1.5.1/include/pcl-1.5/pcl/common/transforms.h" />
		<Unit filename="../../../../Program Files (x86)/PCL 1.5.1/include/pcl-1.5/pcl/common/utils.h" />
		<Unit filename="../../../../Program Files (x86)/PCL 1.5.1/include/pcl-1.5/pcl/common/vector_average.h" />
		<Unit filename="../../../../Program Files (x86)/PCL 1.5.1/include/pcl-1.5/pcl/compression/color_coding.h" />
		<Unit filename="../../../../Program Files (x86)/PCL 1.5.1/include/pcl-1.5/pcl/compression/compression_profiles.h" />
		<Unit filename="../../../../Program Files (x86)/PCL 1.5.1/include/pcl-1.5/pcl/compression/entropy_range_coder.h" />
		<Unit filename="../../../../Program Files (x86)/PCL 1.5.1/include/pcl-1.5/pcl/compression/octree_pointcloud_compression.h" />
		<Unit filename="../../../../Program Files (x86)/PCL 1.5.1/include/pcl-1.5/pcl/compression/point_coding.h" />
		<Unit filename="../../../../Program Files (x86)/PCL 1.5.1/include/pcl-1.5/pcl/console/parse.h" />
		<Unit filename="../../../../Program Files (x86)/PCL 1.5.1/include/pcl-1.5/pcl/console/print.h" />
		<Unit filename="../../../../Program Files (x86)/PCL 1.5.1/include/pcl-1.5/pcl/console/time.h" />
		<Unit filename="../../../../Program Files (x86)/PCL 1.5.1/include/pcl-1.5/pcl/correspondence.h" />
		<Unit filename="../../../../Program Files (x86)/PCL 1.5.1/include/pcl-1.5/pcl/exceptions.h" />
		<Unit filename="../../../../Program Files (x86)/PCL 1.5.1/include/pcl-1.5/pcl/features/3dsc.h" />
		<Unit filename="../../../../Program Files (x86)/PCL 1.5.1/include/pcl-1.5/pcl/features/boundary.h" />
		<Unit filename="../../../../Program Files (x86)/PCL 1.5.1/include/pcl-1.5/pcl/features/cvfh.h" />
		<Unit filename="../../../../Program Files (x86)/PCL 1.5.1/include/pcl-1.5/pcl/features/feature.h" />
		<Unit filename="../../../../Program Files (x86)/PCL 1.5.1/include/pcl-1.5/pcl/features/fpfh.h" />
		<Unit filename="../../../../Program Files (x86)/PCL 1.5.1/include/pcl-1.5/pcl/features/fpfh_omp.h" />
		<Unit filename="../../../../Program Files (x86)/PCL 1.5.1/include/pcl-1.5/pcl/features/impl/3dsc.hpp" />
		<Unit filename="../../../../Program Files (x86)/PCL 1.5.1/include/pcl-1.5/pcl/features/impl/boundary.hpp" />
		<Unit filename="../../../../Program Files (x86)/PCL 1.5.1/include/pcl-1.5/pcl/features/impl/cvfh.hpp" />
		<Unit filename="../../../../Program Files (x86)/PCL 1.5.1/include/pcl-1.5/pcl/features/impl/feature.hpp" />
		<Unit filename="../../../../Program Files (x86)/PCL 1.5.1/include/pcl-1.5/pcl/features/impl/fpfh.hpp" />
		<Unit filename="../../../../Program Files (x86)/PCL 1.5.1/include/pcl-1.5/pcl/features/impl/fpfh_omp.hpp" />
		<Unit filename="../../../../Program Files (x86)/PCL 1.5.1/include/pcl-1.5/pcl/features/impl/integral_image2D.hpp" />
		<Unit filename="../../../../Program Files (x86)/PCL 1.5.1/include/pcl-1.5/pcl/features/impl/integral_image_normal.hpp" />
		<Unit filename="../../../../Program Files (x86)/PCL 1.5.1/include/pcl-1.5/pcl/features/impl/intensity_gradient.hpp" />
		<Unit filename="../../../../Program Files (x86)/PCL 1.5.1/include/pcl-1.5/pcl/features/impl/intensity_spin.hpp" />
		<Unit filename="../../../../Program Files (x86)/PCL 1.5.1/include/pcl-1.5/pcl/features/impl/moment_invariants.hpp" />
		<Unit filename="../../../../Program Files (x86)/PCL 1.5.1/include/pcl-1.5/pcl/features/impl/multiscale_feature_persistence.hpp" />
		<Unit filename="../../../../Program Files (x86)/PCL 1.5.1/include/pcl-1.5/pcl/features/impl/narf.hpp" />
		<Unit filename="../../../../Program Files (x86)/PCL 1.5.1/include/pcl-1.5/pcl/features/impl/normal_3d.hpp" />
		<Unit filename="../../../../Program Files (x86)/PCL 1.5.1/include/pcl-1.5/pcl/features/impl/normal_3d_omp.hpp" />
		<Unit filename="../../../../Program Files (x86)/PCL 1.5.1/include/pcl-1.5/pcl/features/impl/normal_based_signature.hpp" />
		<Unit filename="../../../../Program Files (x86)/PCL 1.5.1/include/pcl-1.5/pcl/features/impl/pfh.hpp" />
		<Unit filename="../../../../Program Files (x86)/PCL 1.5.1/include/pcl-1.5/pcl/features/impl/pfhrgb.hpp" />
		<Unit filename="../../../../Program Files (x86)/PCL 1.5.1/include/pcl-1.5/pcl/features/impl/ppf.hpp" />
		<Unit filename="../../../../Program Files (x86)/PCL 1.5.1/include/pcl-1.5/pcl/features/impl/ppfrgb.hpp" />
		<Unit filename="../../../../Program Files (x86)/PCL 1.5.1/include/pcl-1.5/pcl/features/impl/principal_curvatures.hpp" />
		<Unit filename="../../../../Program Files (x86)/PCL 1.5.1/include/pcl-1.5/pcl/features/impl/range_image_border_extractor.hpp" />
		<Unit filename="../../../../Program Files (x86)/PCL 1.5.1/include/pcl-1.5/pcl/features/impl/rift.hpp" />
		<Unit filename="../../../../Program Files (x86)/PCL 1.5.1/include/pcl-1.5/pcl/features/impl/rsd.hpp" />
		<Unit filename="../../../../Program Files (x86)/PCL 1.5.1/include/pcl-1.5/pcl/features/impl/shot.hpp" />
		<Unit filename="../../../../Program Files (x86)/PCL 1.5.1/include/pcl-1.5/pcl/features/impl/shot_common.hpp" />
		<Unit filename="../../../../Program Files (x86)/PCL 1.5.1/include/pcl-1.5/pcl/features/impl/shot_omp.hpp" />
		<Unit filename="../../../../Program Files (x86)/PCL 1.5.1/include/pcl-1.5/pcl/features/impl/spin_image.hpp" />
		<Unit filename="../../../../Program Files (x86)/PCL 1.5.1/include/pcl-1.5/pcl/features/impl/statistical_multiscale_interest_region_extraction.hpp" />
		<Unit filename="../../../../Program Files (x86)/PCL 1.5.1/include/pcl-1.5/pcl/features/impl/usc.hpp" />
		<Unit filename="../../../../Program Files (x86)/PCL 1.5.1/include/pcl-1.5/pcl/features/impl/vfh.hpp" />
		<Unit filename="../../../../Program Files (x86)/PCL 1.5.1/include/pcl-1.5/pcl/features/integral_image2D.h" />
		<Unit filename="../../../../Program Files (x86)/PCL 1.5.1/include/pcl-1.5/pcl/features/integral_image_normal.h" />
		<Unit filename="../../../../Program Files (x86)/PCL 1.5.1/include/pcl-1.5/pcl/features/intensity_gradient.h" />
		<Unit filename="../../../../Program Files (x86)/PCL 1.5.1/include/pcl-1.5/pcl/features/intensity_spin.h" />
		<Unit filename="../../../../Program Files (x86)/PCL 1.5.1/include/pcl-1.5/pcl/features/moment_invariants.h" />
		<Unit filename="../../../../Program Files (x86)/PCL 1.5.1/include/pcl-1.5/pcl/features/multiscale_feature_persistence.h" />
		<Unit filename="../../../../Program Files (x86)/PCL 1.5.1/include/pcl-1.5/pcl/features/narf.h" />
		<Unit filename="../../../../Program Files (x86)/PCL 1.5.1/include/pcl-1.5/pcl/features/narf_descriptor.h" />
		<Unit filename="../../../../Program Files (x86)/PCL 1.5.1/include/pcl-1.5/pcl/features/normal_3d.h" />
		<Unit filename="../../../../Program Files (x86)/PCL 1.5.1/include/pcl-1.5/pcl/features/normal_3d_omp.h" />
		<Unit filename="../../../../Program Files (x86)/PCL 1.5.1/include/pcl-1.5/pcl/features/normal_based_signature.h" />
		<Unit filename="../../../../Program Files (x86)/PCL 1.5.1/include/pcl-1.5/pcl/features/pfh.h" />
		<Unit filename="../../../../Program Files (x86)/PCL 1.5.1/include/pcl-1.5/pcl/features/pfhrgb.h" />
		<Unit filename="../../../../Program Files (x86)/PCL 1.5.1/include/pcl-1.5/pcl/features/ppf.h" />
		<Unit filename="../../../../Program Files (x86)/PCL 1.5.1/include/pcl-1.5/pcl/features/ppfrgb.h" />
		<Unit filename="../../../../Program Files (x86)/PCL 1.5.1/include/pcl-1.5/pcl/features/principal_curvatures.h" />
		<Unit filename="../../../../Program Files (x86)/PCL 1.5.1/include/pcl-1.5/pcl/features/range_image_border_extractor.h" />
		<Unit filename="../../../../Program Files (x86)/PCL 1.5.1/include/pcl-1.5/pcl/features/rift.h" />
		<Unit filename="../../../../Program Files (x86)/PCL 1.5.1/include/pcl-1.5/pcl/features/rsd.h" />
		<Unit filename="../../../../Program Files (x86)/PCL 1.5.1/include/pcl-1.5/pcl/features/shot.h" />
		<Unit filename="../../../../Program Files (x86)/PCL 1.5.1/include/pcl-1.5/pcl/features/shot_common.h" />
		<Unit filename="../../../../Program Files (x86)/PCL 1.5.1/include/pcl-1.5/pcl/features/shot_omp.h" />
		<Unit filename="../../../../Program Files (x86)/PCL 1.5.1/include/pcl-1.5/pcl/features/spin_image.h" />
		<Unit filename="../../../../Program Files (x86)/PCL 1.5.1/include/pcl-1.5/pcl/features/statistical_multiscale_interest_region_extraction.h" />
		<Unit filename="../../../../Program Files (x86)/PCL 1.5.1/include/pcl-1.5/pcl/features/usc.h" />
		<Unit filename="../../../../Program Files (x86)/PCL 1.5.1/include/pcl-1.5/pcl/features/vfh.h" />
		<Unit filename="../../../../Program Files (x86)/PCL 1.5.1/include/pcl-1.5/pcl/filters/approximate_voxel_grid.h" />
		<Unit filename="../../../../Program Files (x86)/PCL 1.5.1/include/pcl-1.5/pcl/filters/bilateral.h" />
		<Unit filename="../../../../Program Files (x86)/PCL 1.5.1/include/pcl-1.5/pcl/filters/clipper3D.h" />
		<Unit filename="../../../../Program Files (x86)/PCL 1.5.1/include/pcl-1.5/pcl/filters/conditional_removal.h" />
		<Unit filename="../../../../Program Files (x86)/PCL 1.5.1/include/pcl-1.5/pcl/filters/crop_box.h" />
		<Unit filename="../../../../Program Files (x86)/PCL 1.5.1/include/pcl-1.5/pcl/filters/crop_hull.h" />
		<Unit filename="../../../../Program Files (x86)/PCL 1.5.1/include/pcl-1.5/pcl/filters/extract_indices.h" />
		<Unit filename="../../../../Program Files (x86)/PCL 1.5.1/include/pcl-1.5/pcl/filters/filter.h" />
		<Unit filename="../../../../Program Files (x86)/PCL 1.5.1/include/pcl-1.5/pcl/filters/filter_indices.h" />
		<Unit filename="../../../../Program Files (x86)/PCL 1.5.1/include/pcl-1.5/pcl/filters/impl/approximate_voxel_grid.hpp" />
		<Unit filename="../../../../Program Files (x86)/PCL 1.5.1/include/pcl-1.5/pcl/filters/impl/bilateral.hpp" />
		<Unit filename="../../../../Program Files (x86)/PCL 1.5.1/include/pcl-1.5/pcl/filters/impl/conditional_removal.hpp" />
		<Unit filename="../../../../Program Files (x86)/PCL 1.5.1/include/pcl-1.5/pcl/filters/impl/crop_box.hpp" />
		<Unit filename="../../../../Program Files (x86)/PCL 1.5.1/include/pcl-1.5/pcl/filters/impl/crop_hull.hpp" />
		<Unit filename="../../../../Program Files (x86)/PCL 1.5.1/include/pcl-1.5/pcl/filters/impl/extract_indices.hpp" />
		<Unit filename="../../../../Program Files (x86)/PCL 1.5.1/include/pcl-1.5/pcl/filters/impl/filter.hpp" />
		<Unit filename="../../../../Program Files (x86)/PCL 1.5.1/include/pcl-1.5/pcl/filters/impl/filter_indices.hpp" />
		<Unit filename="../../../../Program Files (x86)/PCL 1.5.1/include/pcl-1.5/pcl/filters/impl/normal_space.hpp" />
		<Unit filename="../../../../Program Files (x86)/PCL 1.5.1/include/pcl-1.5/pcl/filters/impl/passthrough.hpp" />
		<Unit filename="../../../../Program Files (x86)/PCL 1.5.1/include/pcl-1.5/pcl/filters/impl/plane_clipper3D.hpp" />
		<Unit filename="../../../../Program Files (x86)/PCL 1.5.1/include/pcl-1.5/pcl/filters/impl/project_inliers.hpp" />
		<Unit filename="../../../../Program Files (x86)/PCL 1.5.1/include/pcl-1.5/pcl/filters/impl/radius_outlier_removal.hpp" />
		<Unit filename="../../../../Program Files (x86)/PCL 1.5.1/include/pcl-1.5/pcl/filters/impl/random_sample.hpp" />
		<Unit filename="../../../../Program Files (x86)/PCL 1.5.1/include/pcl-1.5/pcl/filters/impl/statistical_outlier_removal.hpp" />
		<Unit filename="../../../../Program Files (x86)/PCL 1.5.1/include/pcl-1.5/pcl/filters/impl/voxel_grid.hpp" />
		<Unit filename="../../../../Program Files (x86)/PCL 1.5.1/include/pcl-1.5/pcl/filters/normal_space.h" />
		<Unit filename="../../../../Program Files (x86)/PCL 1.5.1/include/pcl-1.5/pcl/filters/passthrough.h" />
		<Unit filename="../../../../Program Files (x86)/PCL 1.5.1/include/pcl-1.5/pcl/filters/plane_clipper3D.h" />
		<Unit filename="../../../../Program Files (x86)/PCL 1.5.1/include/pcl-1.5/pcl/filters/project_inliers.h" />
		<Unit filename="../../../../Program Files (x86)/PCL 1.5.1/include/pcl-1.5/pcl/filters/radius_outlier_removal.h" />
		<Unit filename="../../../../Program Files (x86)/PCL 1.5.1/include/pcl-1.5/pcl/filters/random_sample.h" />
		<Unit filename="../../../../Program Files (x86)/PCL 1.5.1/include/pcl-1.5/pcl/filters/statistical_outlier_removal.h" />
		<Unit filename="../../../../Program Files (x86)/PCL 1.5.1/include/pcl-1.5/pcl/filters/voxel_grid.h" />
		<Unit filename="../../../../Program Files (x86)/PCL 1.5.1/include/pcl-1.5/pcl/for_each_type.h" />
		<Unit filename="../../../../Program Files (x86)/PCL 1.5.1/include/pcl-1.5/pcl/impl/instantiate.hpp" />
		<Unit filename="../../../../Program Files (x86)/PCL 1.5.1/include/pcl-1.5/pcl/impl/point_types.hpp" />
		<Unit filename="../../../../Program Files (x86)/PCL 1.5.1/include/pcl-1.5/pcl/io/file_io.h" />
		<Unit filename="../../../../Program Files (x86)/PCL 1.5.1/include/pcl-1.5/pcl/io/grabber.h" />
		<Unit filename="../../../../Program Files (x86)/PCL 1.5.1/include/pcl-1.5/pcl/io/impl/entropy_range_coder.hpp" />
		<Unit filename="../../../../Program Files (x86)/PCL 1.5.1/include/pcl-1.5/pcl/io/impl/octree_pointcloud_compression.hpp" />
		<Unit filename="../../../../Program Files (x86)/PCL 1.5.1/include/pcl-1.5/pcl/io/impl/pcd_io.hpp" />
		<Unit filename="../../../../Program Files (x86)/PCL 1.5.1/include/pcl-1.5/pcl/io/io.h" />
		<Unit filename="../../../../Program Files (x86)/PCL 1.5.1/include/pcl-1.5/pcl/io/lzf.h" />
		<Unit filename="../../../../Program Files (x86)/PCL 1.5.1/include/pcl-1.5/pcl/io/obj_io.h" />
		<Unit filename="../../../../Program Files (x86)/PCL 1.5.1/include/pcl-1.5/pcl/io/oni_grabber.h" />
		<Unit filename="../../../../Program Files (x86)/PCL 1.5.1/include/pcl-1.5/pcl/io/openni_camera/openni_depth_image.h" />
		<Unit filename="../../../../Program Files (x86)/PCL 1.5.1/include/pcl-1.5/pcl/io/openni_camera/openni_device.h" />
		<Unit filename="../../../../Program Files (x86)/PCL 1.5.1/include/pcl-1.5/pcl/io/openni_camera/openni_device_kinect.h" />
		<Unit filename="../../../../Program Files (x86)/PCL 1.5.1/include/pcl-1.5/pcl/io/openni_camera/openni_device_oni.h" />
		<Unit filename="../../../../Program Files (x86)/PCL 1.5.1/include/pcl-1.5/pcl/io/openni_camera/openni_device_primesense.h" />
		<Unit filename="../../../../Program Files (x86)/PCL 1.5.1/include/pcl-1.5/pcl/io/openni_camera/openni_device_xtion.h" />
		<Unit filename="../../../../Program Files (x86)/PCL 1.5.1/include/pcl-1.5/pcl/io/openni_camera/openni_driver.h" />
		<Unit filename="../../../../Program Files (x86)/PCL 1.5.1/include/pcl-1.5/pcl/io/openni_camera/openni_exception.h" />
		<Unit filename="../../../../Program Files (x86)/PCL 1.5.1/include/pcl-1.5/pcl/io/openni_camera/openni_image.h" />
		<Unit filename="../../../../Program Files (x86)/PCL 1.5.1/include/pcl-1.5/pcl/io/openni_camera/openni_image_bayer_grbg.h" />
		<Unit filename="../../../../Program Files (x86)/PCL 1.5.1/include/pcl-1.5/pcl/io/openni_camera/openni_image_rgb24.h" />
		<Unit filename="../../../../Program Files (x86)/PCL 1.5.1/include/pcl-1.5/pcl/io/openni_camera/openni_image_yuv_422.h" />
		<Unit filename="../../../../Program Files (x86)/PCL 1.5.1/include/pcl-1.5/pcl/io/openni_camera/openni_ir_image.h" />
		<Unit filename="../../../../Program Files (x86)/PCL 1.5.1/include/pcl-1.5/pcl/io/openni_grabber.h" />
		<Unit filename="../../../../Program Files (x86)/PCL 1.5.1/include/pcl-1.5/pcl/io/pcd_grabber.h" />
		<Unit filename="../../../../Program Files (x86)/PCL 1.5.1/include/pcl-1.5/pcl/io/pcd_io.h" />
		<Unit filename="../../../../Program Files (x86)/PCL 1.5.1/include/pcl-1.5/pcl/io/pcl_io_exception.h" />
		<Unit filename="../../../../Program Files (x86)/PCL 1.5.1/include/pcl-1.5/pcl/io/ply_io.h" />
		<Unit filename="../../../../Program Files (x86)/PCL 1.5.1/include/pcl-1.5/pcl/io/vtk_io.h" />
		<Unit filename="../../../../Program Files (x86)/PCL 1.5.1/include/pcl-1.5/pcl/io/vtk_lib_io.h" />
		<Unit filename="../../../../Program Files (x86)/PCL 1.5.1/include/pcl-1.5/pcl/kdtree/impl/io.hpp" />
		<Unit filename="../../../../Program Files (x86)/PCL 1.5.1/include/pcl-1.5/pcl/kdtree/impl/kdtree_flann.hpp" />
		<Unit filename="../../../../Program Files (x86)/PCL 1.5.1/include/pcl-1.5/pcl/kdtree/io.h" />
		<Unit filename="../../../../Program Files (x86)/PCL 1.5.1/include/pcl-1.5/pcl/kdtree/kdtree.h" />
		<Unit filename="../../../../Program Files (x86)/PCL 1.5.1/include/pcl-1.5/pcl/kdtree/kdtree_flann.h" />
		<Unit filename="../../../../Program Files (x86)/PCL 1.5.1/include/pcl-1.5/pcl/keypoints/harris_keypoint3D.h" />
		<Unit filename="../../../../Program Files (x86)/PCL 1.5.1/include/pcl-1.5/pcl/keypoints/impl/harris_keypoint3D.hpp" />
		<Unit filename="../../../../Program Files (x86)/PCL 1.5.1/include/pcl-1.5/pcl/keypoints/impl/keypoint.hpp" />
		<Unit filename="../../../../Program Files (x86)/PCL 1.5.1/include/pcl-1.5/pcl/keypoints/impl/sift_keypoint.hpp" />
		<Unit filename="../../../../Program Files (x86)/PCL 1.5.1/include/pcl-1.5/pcl/keypoints/impl/smoothed_surfaces_keypoint.hpp" />
		<Unit filename="../../../../Program Files (x86)/PCL 1.5.1/include/pcl-1.5/pcl/keypoints/impl/uniform_sampling.hpp" />
		<Unit filename="../../../../Program Files (x86)/PCL 1.5.1/include/pcl-1.5/pcl/keypoints/keypoint.h" />
		<Unit filename="../../../../Program Files (x86)/PCL 1.5.1/include/pcl-1.5/pcl/keypoints/narf_keypoint.h" />
		<Unit filename="../../../../Program Files (x86)/PCL 1.5.1/include/pcl-1.5/pcl/keypoints/sift_keypoint.h" />
		<Unit filename="../../../../Program Files (x86)/PCL 1.5.1/include/pcl-1.5/pcl/keypoints/smoothed_surfaces_keypoint.h" />
		<Unit filename="../../../../Program Files (x86)/PCL 1.5.1/include/pcl-1.5/pcl/keypoints/uniform_sampling.h" />
		<Unit filename="../../../../Program Files (x86)/PCL 1.5.1/include/pcl-1.5/pcl/octree/impl/octree2buf_base.hpp" />
		<Unit filename="../../../../Program Files (x86)/PCL 1.5.1/include/pcl-1.5/pcl/octree/impl/octree_base.hpp" />
		<Unit filename="../../../../Program Files (x86)/PCL 1.5.1/include/pcl-1.5/pcl/octree/impl/octree_iterator.hpp" />
		<Unit filename="../../../../Program Files (x86)/PCL 1.5.1/include/pcl-1.5/pcl/octree/impl/octree_lowmemory_base.hpp" />
		<Unit filename="../../../../Program Files (x86)/PCL 1.5.1/include/pcl-1.5/pcl/octree/impl/octree_pointcloud.hpp" />
		<Unit filename="../../../../Program Files (x86)/PCL 1.5.1/include/pcl-1.5/pcl/octree/impl/octree_search.hpp" />
		<Unit filename="../../../../Program Files (x86)/PCL 1.5.1/include/pcl-1.5/pcl/octree/octree.h" />
		<Unit filename="../../../../Program Files (x86)/PCL 1.5.1/include/pcl-1.5/pcl/octree/octree2buf_base.h" />
		<Unit filename="../../../../Program Files (x86)/PCL 1.5.1/include/pcl-1.5/pcl/octree/octree_base.h" />
		<Unit filename="../../../../Program Files (x86)/PCL 1.5.1/include/pcl-1.5/pcl/octree/octree_base_state.h" />
		<Unit filename="../../../../Program Files (x86)/PCL 1.5.1/include/pcl-1.5/pcl/octree/octree_impl.h" />
		<Unit filename="../../../../Program Files (x86)/PCL 1.5.1/include/pcl-1.5/pcl/octree/octree_iterator.h" />
		<Unit filename="../../../../Program Files (x86)/PCL 1.5.1/include/pcl-1.5/pcl/octree/octree_lowmemory_base.h" />
		<Unit filename="../../../../Program Files (x86)/PCL 1.5.1/include/pcl-1.5/pcl/octree/octree_nodes.h" />
		<Unit filename="../../../../Program Files (x86)/PCL 1.5.1/include/pcl-1.5/pcl/octree/octree_pointcloud.h" />
		<Unit filename="../../../../Program Files (x86)/PCL 1.5.1/include/pcl-1.5/pcl/octree/octree_pointcloud_changedetector.h" />
		<Unit filename="../../../../Program Files (x86)/PCL 1.5.1/include/pcl-1.5/pcl/octree/octree_pointcloud_density.h" />
		<Unit filename="../../../../Program Files (x86)/PCL 1.5.1/include/pcl-1.5/pcl/octree/octree_pointcloud_occupancy.h" />
		<Unit filename="../../../../Program Files (x86)/PCL 1.5.1/include/pcl-1.5/pcl/octree/octree_pointcloud_pointvector.h" />
		<Unit filename="../../../../Program Files (x86)/PCL 1.5.1/include/pcl-1.5/pcl/octree/octree_pointcloud_singlepoint.h" />
		<Unit filename="../../../../Program Files (x86)/PCL 1.5.1/include/pcl-1.5/pcl/octree/octree_pointcloud_voxelcentroid.h" />
		<Unit filename="../../../../Program Files (x86)/PCL 1.5.1/include/pcl-1.5/pcl/octree/octree_search.h" />
		<Unit filename="../../../../Program Files (x86)/PCL 1.5.1/include/pcl-1.5/pcl/pcl_base.h" />
		<Unit filename="../../../../Program Files (x86)/PCL 1.5.1/include/pcl-1.5/pcl/pcl_config.h" />
		<Unit filename="../../../../Program Files (x86)/PCL 1.5.1/include/pcl-1.5/pcl/pcl_exports.h" />
		<Unit filename="../../../../Program Files (x86)/PCL 1.5.1/include/pcl-1.5/pcl/pcl_macros.h" />
		<Unit filename="../../../../Program Files (x86)/PCL 1.5.1/include/pcl-1.5/pcl/pcl_tests.h" />
		<Unit filename="../../../../Program Files (x86)/PCL 1.5.1/include/pcl-1.5/pcl/ply/byte_order.h" />
		<Unit filename="../../../../Program Files (x86)/PCL 1.5.1/include/pcl-1.5/pcl/ply/io_operators.h" />
		<Unit filename="../../../../Program Files (x86)/PCL 1.5.1/include/pcl-1.5/pcl/ply/ply.h" />
		<Unit filename="../../../../Program Files (x86)/PCL 1.5.1/include/pcl-1.5/pcl/ply/ply_parser.h" />
		<Unit filename="../../../../Program Files (x86)/PCL 1.5.1/include/pcl-1.5/pcl/point_cloud.h" />
		<Unit filename="../../../../Program Files (x86)/PCL 1.5.1/include/pcl-1.5/pcl/point_representation.h" />
		<Unit filename="../../../../Program Files (x86)/PCL 1.5.1/include/pcl-1.5/pcl/point_traits.h" />
		<Unit filename="../../../../Program Files (x86)/PCL 1.5.1/include/pcl-1.5/pcl/point_types.h" />
		<Unit filename="../../../../Program Files (x86)/PCL 1.5.1/include/pcl-1.5/pcl/point_types_conversion.h" />
		<Unit filename="../../../../Program Files (x86)/PCL 1.5.1/include/pcl-1.5/pcl/range_image/impl/range_image.hpp" />
		<Unit filename="../../../../Program Files (x86)/PCL 1.5.1/include/pcl-1.5/pcl/range_image/impl/range_image_planar.hpp" />
		<Unit filename="../../../../Program Files (x86)/PCL 1.5.1/include/pcl-1.5/pcl/range_image/range_image.h" />
		<Unit filename="../../../../Program Files (x86)/PCL 1.5.1/include/pcl-1.5/pcl/range_image/range_image_planar.h" />
		<Unit filename="../../../../Program Files (x86)/PCL 1.5.1/include/pcl-1.5/pcl/registration/correspondence_estimation.h" />
		<Unit filename="../../../../Program Files (x86)/PCL 1.5.1/include/pcl-1.5/pcl/registration/correspondence_estimation_normal_shooting.h" />
		<Unit filename="../../../../Program Files (x86)/PCL 1.5.1/include/pcl-1.5/pcl/registration/correspondence_rejection.h" />
		<Unit filename="../../../../Program Files (x86)/PCL 1.5.1/include/pcl-1.5/pcl/registration/correspondence_rejection_distance.h" />
		<Unit filename="../../../../Program Files (x86)/PCL 1.5.1/include/pcl-1.5/pcl/registration/correspondence_rejection_features.h" />
		<Unit filename="../../../../Program Files (x86)/PCL 1.5.1/include/pcl-1.5/pcl/registration/correspondence_rejection_one_to_one.h" />
		<Unit filename="../../../../Program Files (x86)/PCL 1.5.1/include/pcl-1.5/pcl/registration/correspondence_rejection_sample_consensus.h" />
		<Unit filename="../../../../Program Files (x86)/PCL 1.5.1/include/pcl-1.5/pcl/registration/correspondence_rejection_trimmed.h" />
		<Unit filename="../../../../Program Files (x86)/PCL 1.5.1/include/pcl-1.5/pcl/registration/correspondence_sorting.h" />
		<Unit filename="../../../../Program Files (x86)/PCL 1.5.1/include/pcl-1.5/pcl/registration/correspondence_types.h" />
		<Unit filename="../../../../Program Files (x86)/PCL 1.5.1/include/pcl-1.5/pcl/registration/distances.h" />
		<Unit filename="../../../../Program Files (x86)/PCL 1.5.1/include/pcl-1.5/pcl/registration/elch.h" />
		<Unit filename="../../../../Program Files (x86)/PCL 1.5.1/include/pcl-1.5/pcl/registration/exceptions.h" />
		<Unit filename="../../../../Program Files (x86)/PCL 1.5.1/include/pcl-1.5/pcl/registration/gicp.h" />
		<Unit filename="../../../../Program Files (x86)/PCL 1.5.1/include/pcl-1.5/pcl/registration/ia_ransac.h" />
		<Unit filename="../../../../Program Files (x86)/PCL 1.5.1/include/pcl-1.5/pcl/registration/icp.h" />
		<Unit filename="../../../../Program Files (x86)/PCL 1.5.1/include/pcl-1.5/pcl/registration/icp_nl.h" />
		<Unit filename="../../../../Program Files (x86)/PCL 1.5.1/include/pcl-1.5/pcl/registration/impl/correspondence_estimation.hpp" />
		<Unit filename="../../../../Program Files (x86)/PCL 1.5.1/include/pcl-1.5/pcl/registration/impl/correspondence_estimation_normal_shooting.hpp" />
		<Unit filename="../../../../Program Files (x86)/PCL 1.5.1/include/pcl-1.5/pcl/registration/impl/correspondence_rejection_distance.hpp" />
		<Unit filename="../../../../Program Files (x86)/PCL 1.5.1/include/pcl-1.5/pcl/registration/impl/correspondence_rejection_features.hpp" />
		<Unit filename="../../../../Program Files (x86)/PCL 1.5.1/include/pcl-1.5/pcl/registration/impl/correspondence_rejection_one_to_one.hpp" />
		<Unit filename="../../../../Program Files (x86)/PCL 1.5.1/include/pcl-1.5/pcl/registration/impl/correspondence_rejection_sample_consensus.hpp" />
		<Unit filename="../../../../Program Files (x86)/PCL 1.5.1/include/pcl-1.5/pcl/registration/impl/correspondence_rejection_trimmed.hpp" />
		<Unit filename="../../../../Program Files (x86)/PCL 1.5.1/include/pcl-1.5/pcl/registration/impl/correspondence_types.hpp" />
		<Unit filename="../../../../Program Files (x86)/PCL 1.5.1/include/pcl-1.5/pcl/registration/impl/elch.hpp" />
		<Unit filename="../../../../Program Files (x86)/PCL 1.5.1/include/pcl-1.5/pcl/registration/impl/gicp.hpp" />
		<Unit filename="../../../../Program Files (x86)/PCL 1.5.1/include/pcl-1.5/pcl/registration/impl/ia_ransac.hpp" />
		<Unit filename="../../../../Program Files (x86)/PCL 1.5.1/include/pcl-1.5/pcl/registration/impl/icp.hpp" />
		<Unit filename="../../../../Program Files (x86)/PCL 1.5.1/include/pcl-1.5/pcl/registration/impl/icp_nl.hpp" />
		<Unit filename="../../../../Program Files (x86)/PCL 1.5.1/include/pcl-1.5/pcl/registration/impl/ppf_registration.hpp" />
		<Unit filename="../../../../Program Files (x86)/PCL 1.5.1/include/pcl-1.5/pcl/registration/impl/pyramid_feature_matching.hpp" />
		<Unit filename="../../../../Program Files (x86)/PCL 1.5.1/include/pcl-1.5/pcl/registration/impl/registration.hpp" />
		<Unit filename="../../../../Program Files (x86)/PCL 1.5.1/include/pcl-1.5/pcl/registration/impl/transformation_estimation_lm.hpp" />
		<Unit filename="../../../../Program Files (x86)/PCL 1.5.1/include/pcl-1.5/pcl/registration/impl/transformation_estimation_point_to_plane_lls.hpp" />
		<Unit filename="../../../../Program Files (x86)/PCL 1.5.1/include/pcl-1.5/pcl/registration/impl/transformation_estimation_svd.hpp" />
		<Unit filename="../../../../Program Files (x86)/PCL 1.5.1/include/pcl-1.5/pcl/registration/impl/transformation_validation_euclidean.hpp" />
		<Unit filename="../../../../Program Files (x86)/PCL 1.5.1/include/pcl-1.5/pcl/registration/ppf_registration.h" />
		<Unit filename="../../../../Program Files (x86)/PCL 1.5.1/include/pcl-1.5/pcl/registration/pyramid_feature_matching.h" />
		<Unit filename="../../../../Program Files (x86)/PCL 1.5.1/include/pcl-1.5/pcl/registration/registration.h" />
		<Unit filename="../../../../Program Files (x86)/PCL 1.5.1/include/pcl-1.5/pcl/registration/transformation_estimation.h" />
		<Unit filename="../../../../Program Files (x86)/PCL 1.5.1/include/pcl-1.5/pcl/registration/transformation_estimation_lm.h" />
		<Unit filename="../../../../Program Files (x86)/PCL 1.5.1/include/pcl-1.5/pcl/registration/transformation_estimation_point_to_plane.h" />
		<Unit filename="../../../../Program Files (x86)/PCL 1.5.1/include/pcl-1.5/pcl/registration/transformation_estimation_point_to_plane_lls.h" />
		<Unit filename="../../../../Program Files (x86)/PCL 1.5.1/include/pcl-1.5/pcl/registration/transformation_estimation_svd.h" />
		<Unit filename="../../../../Program Files (x86)/PCL 1.5.1/include/pcl-1.5/pcl/registration/transformation_validation.h" />
		<Unit filename="../../../../Program Files (x86)/PCL 1.5.1/include/pcl-1.5/pcl/registration/transformation_validation_euclidean.h" />
		<Unit filename="../../../../Program Files (x86)/PCL 1.5.1/include/pcl-1.5/pcl/registration/transforms.h" />
		<Unit filename="../../../../Program Files (x86)/PCL 1.5.1/include/pcl-1.5/pcl/registration/warp_point_rigid.h" />
		<Unit filename="../../../../Program Files (x86)/PCL 1.5.1/include/pcl-1.5/pcl/registration/warp_point_rigid_3d.h" />
		<Unit filename="../../../../Program Files (x86)/PCL 1.5.1/include/pcl-1.5/pcl/registration/warp_point_rigid_6d.h" />
		<Unit filename="../../../../Program Files (x86)/PCL 1.5.1/include/pcl-1.5/pcl/ros/conversions.h" />
		<Unit filename="../../../../Program Files (x86)/PCL 1.5.1/include/pcl-1.5/pcl/ros/register_point_struct.h" />
		<Unit filename="../../../../Program Files (x86)/PCL 1.5.1/include/pcl-1.5/pcl/sample_consensus/impl/lmeds.hpp" />
		<Unit filename="../../../../Program Files (x86)/PCL 1.5.1/include/pcl-1.5/pcl/sample_consensus/impl/mlesac.hpp" />
		<Unit filename="../../../../Program Files (x86)/PCL 1.5.1/include/pcl-1.5/pcl/sample_consensus/impl/msac.hpp" />
		<Unit filename="../../../../Program Files (x86)/PCL 1.5.1/include/pcl-1.5/pcl/sample_consensus/impl/prosac.hpp" />
		<Unit filename="../../../../Program Files (x86)/PCL 1.5.1/include/pcl-1.5/pcl/sample_consensus/impl/ransac.hpp" />
		<Unit filename="../../../../Program Files (x86)/PCL 1.5.1/include/pcl-1.5/pcl/sample_consensus/impl/rmsac.hpp" />
		<Unit filename="../../../../Program Files (x86)/PCL 1.5.1/include/pcl-1.5/pcl/sample_consensus/impl/rransac.hpp" />
		<Unit filename="../../../../Program Files (x86)/PCL 1.5.1/include/pcl-1.5/pcl/sample_consensus/impl/sac_model_circle.hpp" />
		<Unit filename="../../../../Program Files (x86)/PCL 1.5.1/include/pcl-1.5/pcl/sample_consensus/impl/sac_model_cylinder.hpp" />
		<Unit filename="../../../../Program Files (x86)/PCL 1.5.1/include/pcl-1.5/pcl/sample_consensus/impl/sac_model_line.hpp" />
		<Unit filename="../../../../Program Files (x86)/PCL 1.5.1/include/pcl-1.5/pcl/sample_consensus/impl/sac_model_normal_parallel_plane.hpp" />
		<Unit filename="../../../../Program Files (x86)/PCL 1.5.1/include/pcl-1.5/pcl/sample_consensus/impl/sac_model_normal_plane.hpp" />
		<Unit filename="../../../../Program Files (x86)/PCL 1.5.1/include/pcl-1.5/pcl/sample_consensus/impl/sac_model_parallel_line.hpp" />
		<Unit filename="../../../../Program Files (x86)/PCL 1.5.1/include/pcl-1.5/pcl/sample_consensus/impl/sac_model_parallel_plane.hpp" />
		<Unit filename="../../../../Program Files (x86)/PCL 1.5.1/include/pcl-1.5/pcl/sample_consensus/impl/sac_model_perpendicular_plane.hpp" />
		<Unit filename="../../../../Program Files (x86)/PCL 1.5.1/include/pcl-1.5/pcl/sample_consensus/impl/sac_model_plane.hpp" />
		<Unit filename="../../../../Program Files (x86)/PCL 1.5.1/include/pcl-1.5/pcl/sample_consensus/impl/sac_model_registration.hpp" />
		<Unit filename="../../../../Program Files (x86)/PCL 1.5.1/include/pcl-1.5/pcl/sample_consensus/impl/sac_model_sphere.hpp" />
		<Unit filename="../../../../Program Files (x86)/PCL 1.5.1/include/pcl-1.5/pcl/sample_consensus/impl/sac_model_stick.hpp" />
		<Unit filename="../../../../Program Files (x86)/PCL 1.5.1/include/pcl-1.5/pcl/sample_consensus/lmeds.h" />
		<Unit filename="../../../../Program Files (x86)/PCL 1.5.1/include/pcl-1.5/pcl/sample_consensus/method_types.h" />
		<Unit filename="../../../../Program Files (x86)/PCL 1.5.1/include/pcl-1.5/pcl/sample_consensus/mlesac.h" />
		<Unit filename="../../../../Program Files (x86)/PCL 1.5.1/include/pcl-1.5/pcl/sample_consensus/model_types.h" />
		<Unit filename="../../../../Program Files (x86)/PCL 1.5.1/include/pcl-1.5/pcl/sample_consensus/msac.h" />
		<Unit filename="../../../../Program Files (x86)/PCL 1.5.1/include/pcl-1.5/pcl/sample_consensus/prosac.h" />
		<Unit filename="../../../../Program Files (x86)/PCL 1.5.1/include/pcl-1.5/pcl/sample_consensus/ransac.h" />
		<Unit filename="../../../../Program Files (x86)/PCL 1.5.1/include/pcl-1.5/pcl/sample_consensus/rmsac.h" />
		<Unit filename="../../../../Program Files (x86)/PCL 1.5.1/include/pcl-1.5/pcl/sample_consensus/rransac.h" />
		<Unit filename="../../../../Program Files (x86)/PCL 1.5.1/include/pcl-1.5/pcl/sample_consensus/sac.h" />
		<Unit filename="../../../../Program Files (x86)/PCL 1.5.1/include/pcl-1.5/pcl/sample_consensus/sac_model.h" />
		<Unit filename="../../../../Program Files (x86)/PCL 1.5.1/include/pcl-1.5/pcl/sample_consensus/sac_model_circle.h" />
		<Unit filename="../../../../Program Files (x86)/PCL 1.5.1/include/pcl-1.5/pcl/sample_consensus/sac_model_cylinder.h" />
		<Unit filename="../../../../Program Files (x86)/PCL 1.5.1/include/pcl-1.5/pcl/sample_consensus/sac_model_line.h" />
		<Unit filename="../../../../Program Files (x86)/PCL 1.5.1/include/pcl-1.5/pcl/sample_consensus/sac_model_normal_parallel_plane.h" />
		<Unit filename="../../../../Program Files (x86)/PCL 1.5.1/include/pcl-1.5/pcl/sample_consensus/sac_model_normal_plane.h" />
		<Unit filename="../../../../Program Files (x86)/PCL 1.5.1/include/pcl-1.5/pcl/sample_consensus/sac_model_parallel_line.h" />
		<Unit filename="../../../../Program Files (x86)/PCL 1.5.1/include/pcl-1.5/pcl/sample_consensus/sac_model_parallel_plane.h" />
		<Unit filename="../../../../Program Files (x86)/PCL 1.5.1/include/pcl-1.5/pcl/sample_consensus/sac_model_perpendicular_plane.h" />
		<Unit filename="../../../../Program Files (x86)/PCL 1.5.1/include/pcl-1.5/pcl/sample_consensus/sac_model_plane.h" />
		<Unit filename="../../../../Program Files (x86)/PCL 1.5.1/include/pcl-1.5/pcl/sample_consensus/sac_model_registration.h" />
		<Unit filename="../../../../Program Files (x86)/PCL 1.5.1/include/pcl-1.5/pcl/sample_consensus/sac_model_sphere.h" />
		<Unit filename="../../../../Program Files (x86)/PCL 1.5.1/include/pcl-1.5/pcl/sample_consensus/sac_model_stick.h" />
		<Unit filename="../../../../Program Files (x86)/PCL 1.5.1/include/pcl-1.5/pcl/search/brute_force.h" />
		<Unit filename="../../../../Program Files (x86)/PCL 1.5.1/include/pcl-1.5/pcl/search/impl/brute_force.hpp" />
		<Unit filename="../../../../Program Files (x86)/PCL 1.5.1/include/pcl-1.5/pcl/search/impl/organized.hpp" />
		<Unit filename="../../../../Program Files (x86)/PCL 1.5.1/include/pcl-1.5/pcl/search/kdtree.h" />
		<Unit filename="../../../../Program Files (x86)/PCL 1.5.1/include/pcl-1.5/pcl/search/octree.h" />
		<Unit filename="../../../../Program Files (x86)/PCL 1.5.1/include/pcl-1.5/pcl/search/organized.h" />
		<Unit filename="../../../../Program Files (x86)/PCL 1.5.1/include/pcl-1.5/pcl/search/pcl_search.h" />
		<Unit filename="../../../../Program Files (x86)/PCL 1.5.1/include/pcl-1.5/pcl/search/search.h" />
		<Unit filename="../../../../Program Files (x86)/PCL 1.5.1/include/pcl-1.5/pcl/segmentation/extract_clusters.h" />
		<Unit filename="../../../../Program Files (x86)/PCL 1.5.1/include/pcl-1.5/pcl/segmentation/extract_labeled_clusters.h" />
		<Unit filename="../../../../Program Files (x86)/PCL 1.5.1/include/pcl-1.5/pcl/segmentation/extract_polygonal_prism_data.h" />
		<Unit filename="../../../../Program Files (x86)/PCL 1.5.1/include/pcl-1.5/pcl/segmentation/impl/extract_clusters.hpp" />
		<Unit filename="../../../../Program Files (x86)/PCL 1.5.1/include/pcl-1.5/pcl/segmentation/impl/extract_labeled_clusters.hpp" />
		<Unit filename="../../../../Program Files (x86)/PCL 1.5.1/include/pcl-1.5/pcl/segmentation/impl/extract_polygonal_prism_data.hpp" />
		<Unit filename="../../../../Program Files (x86)/PCL 1.5.1/include/pcl-1.5/pcl/segmentation/impl/sac_segmentation.hpp" />
		<Unit filename="../../../../Program Files (x86)/PCL 1.5.1/include/pcl-1.5/pcl/segmentation/impl/segment_differences.hpp" />
		<Unit filename="../../../../Program Files (x86)/PCL 1.5.1/include/pcl-1.5/pcl/segmentation/sac_segmentation.h" />
		<Unit filename="../../../../Program Files (x86)/PCL 1.5.1/include/pcl-1.5/pcl/segmentation/segment_differences.h" />
		<Unit filename="../../../../Program Files (x86)/PCL 1.5.1/include/pcl-1.5/pcl/surface/concave_hull.h" />
		<Unit filename="../../../../Program Files (x86)/PCL 1.5.1/include/pcl-1.5/pcl/surface/convex_hull.h" />
		<Unit filename="../../../../Program Files (x86)/PCL 1.5.1/include/pcl-1.5/pcl/surface/ear_clipping.h" />
		<Unit filename="../../../../Program Files (x86)/PCL 1.5.1/include/pcl-1.5/pcl/surface/gp3.h" />
		<Unit filename="../../../../Program Files (x86)/PCL 1.5.1/include/pcl-1.5/pcl/surface/grid_projection.h" />
		<Unit filename="../../../../Program Files (x86)/PCL 1.5.1/include/pcl-1.5/pcl/surface/impl/concave_hull.hpp" />
		<Unit filename="../../../../Program Files (x86)/PCL 1.5.1/include/pcl-1.5/pcl/surface/impl/convex_hull.hpp" />
		<Unit filename="../../../../Program Files (x86)/PCL 1.5.1/include/pcl-1.5/pcl/surface/impl/gp3.hpp" />
		<Unit filename="../../../../Program Files (x86)/PCL 1.5.1/include/pcl-1.5/pcl/surface/impl/grid_projection.hpp" />
		<Unit filename="../../../../Program Files (x86)/PCL 1.5.1/include/pcl-1.5/pcl/surface/impl/marching_cubes.hpp" />
		<Unit filename="../../../../Program Files (x86)/PCL 1.5.1/include/pcl-1.5/pcl/surface/impl/marching_cubes_greedy.hpp" />
		<Unit filename="../../../../Program Files (x86)/PCL 1.5.1/include/pcl-1.5/pcl/surface/impl/marching_cubes_greedy_dot.hpp" />
		<Unit filename="../../../../Program Files (x86)/PCL 1.5.1/include/pcl-1.5/pcl/surface/impl/mls.hpp" />
		<Unit filename="../../../../Program Files (x86)/PCL 1.5.1/include/pcl-1.5/pcl/surface/impl/mls_omp.hpp" />
		<Unit filename="../../../../Program Files (x86)/PCL 1.5.1/include/pcl-1.5/pcl/surface/impl/organized_fast_mesh.hpp" />
		<Unit filename="../../../../Program Files (x86)/PCL 1.5.1/include/pcl-1.5/pcl/surface/impl/reconstruction.hpp" />
		<Unit filename="../../../../Program Files (x86)/PCL 1.5.1/include/pcl-1.5/pcl/surface/impl/surfel_smoothing.hpp" />
		<Unit filename="../../../../Program Files (x86)/PCL 1.5.1/include/pcl-1.5/pcl/surface/impl/texture_mapping.hpp" />
		<Unit filename="../../../../Program Files (x86)/PCL 1.5.1/include/pcl-1.5/pcl/surface/marching_cubes.h" />
		<Unit filename="../../../../Program Files (x86)/PCL 1.5.1/include/pcl-1.5/pcl/surface/marching_cubes_greedy.h" />
		<Unit filename="../../../../Program Files (x86)/PCL 1.5.1/include/pcl-1.5/pcl/surface/marching_cubes_greedy_dot.h" />
		<Unit filename="../../../../Program Files (x86)/PCL 1.5.1/include/pcl-1.5/pcl/surface/mls.h" />
		<Unit filename="../../../../Program Files (x86)/PCL 1.5.1/include/pcl-1.5/pcl/surface/mls_omp.h" />
		<Unit filename="../../../../Program Files (x86)/PCL 1.5.1/include/pcl-1.5/pcl/surface/organized_fast_mesh.h" />
		<Unit filename="../../../../Program Files (x86)/PCL 1.5.1/include/pcl-1.5/pcl/surface/processing.h" />
		<Unit filename="../../../../Program Files (x86)/PCL 1.5.1/include/pcl-1.5/pcl/surface/reconstruction.h" />
		<Unit filename="../../../../Program Files (x86)/PCL 1.5.1/include/pcl-1.5/pcl/surface/simplification_remove_unused_vertices.h" />
		<Unit filename="../../../../Program Files (x86)/PCL 1.5.1/include/pcl-1.5/pcl/surface/surfel_smoothing.h" />
		<Unit filename="../../../../Program Files (x86)/PCL 1.5.1/include/pcl-1.5/pcl/surface/texture_mapping.h" />
		<Unit filename="../../../../Program Files (x86)/PCL 1.5.1/include/pcl-1.5/pcl/surface/vtk_mesh_smoothing_laplacian.h" />
		<Unit filename="../../../../Program Files (x86)/PCL 1.5.1/include/pcl-1.5/pcl/surface/vtk_mesh_smoothing_windowed_sinc.h" />
		<Unit filename="../../../../Program Files (x86)/PCL 1.5.1/include/pcl-1.5/pcl/surface/vtk_mesh_subdivision.h" />
		<Unit filename="../../../../Program Files (x86)/PCL 1.5.1/include/pcl-1.5/pcl/surface/vtk_utils.h" />
		<Unit filename="../../../../Program Files (x86)/PCL 1.5.1/include/pcl-1.5/pcl/tracking/approx_nearest_pair_point_cloud_coherence.h" />
		<Unit filename="../../../../Program Files (x86)/PCL 1.5.1/include/pcl-1.5/pcl/tracking/coherence.h" />
		<Unit filename="../../../../Program Files (x86)/PCL 1.5.1/include/pcl-1.5/pcl/tracking/distance_coherence.h" />
		<Unit filename="../../../../Program Files (x86)/PCL 1.5.1/include/pcl-1.5/pcl/tracking/hsv_color_coherence.h" />
		<Unit filename="../../../../Program Files (x86)/PCL 1.5.1/include/pcl-1.5/pcl/tracking/impl/approx_nearest_pair_point_cloud_coherence.hpp" />
		<Unit filename="../../../../Program Files (x86)/PCL 1.5.1/include/pcl-1.5/pcl/tracking/impl/coherence.hpp" />
		<Unit filename="../../../../Program Files (x86)/PCL 1.5.1/include/pcl-1.5/pcl/tracking/impl/distance_coherence.hpp" />
		<Unit filename="../../../../Program Files (x86)/PCL 1.5.1/include/pcl-1.5/pcl/tracking/impl/hsv_color_coherence.hpp" />
		<Unit filename="../../../../Program Files (x86)/PCL 1.5.1/include/pcl-1.5/pcl/tracking/impl/kld_adaptive_particle_filter.hpp" />
		<Unit filename="../../../../Program Files (x86)/PCL 1.5.1/include/pcl-1.5/pcl/tracking/impl/kld_adaptive_particle_filter_omp.hpp" />
		<Unit filename="../../../../Program Files (x86)/PCL 1.5.1/include/pcl-1.5/pcl/tracking/impl/nearest_pair_point_cloud_coherence.hpp" />
		<Unit filename="../../../../Program Files (x86)/PCL 1.5.1/include/pcl-1.5/pcl/tracking/impl/normal_coherence.hpp" />
		<Unit filename="../../../../Program Files (x86)/PCL 1.5.1/include/pcl-1.5/pcl/tracking/impl/particle_filter.hpp" />
		<Unit filename="../../../../Program Files (x86)/PCL 1.5.1/include/pcl-1.5/pcl/tracking/impl/particle_filter_omp.hpp" />
		<Unit filename="../../../../Program Files (x86)/PCL 1.5.1/include/pcl-1.5/pcl/tracking/impl/tracker.hpp" />
		<Unit filename="../../../../Program Files (x86)/PCL 1.5.1/include/pcl-1.5/pcl/tracking/impl/tracking.hpp" />
		<Unit filename="../../../../Program Files (x86)/PCL 1.5.1/include/pcl-1.5/pcl/tracking/kld_adaptive_particle_filter.h" />
		<Unit filename="../../../../Program Files (x86)/PCL 1.5.1/include/pcl-1.5/pcl/tracking/kld_adaptive_particle_filter_omp.h" />
		<Unit filename="../../../../Program Files (x86)/PCL 1.5.1/include/pcl-1.5/pcl/tracking/nearest_pair_point_cloud_coherence.h" />
		<Unit filename="../../../../Program Files (x86)/PCL 1.5.1/include/pcl-1.5/pcl/tracking/normal_coherence.h" />
		<Unit filename="../../../../Program Files (x86)/PCL 1.5.1/include/pcl-1.5/pcl/tracking/particle_filter.h" />
		<Unit filename="../../../../Program Files (x86)/PCL 1.5.1/include/pcl-1.5/pcl/tracking/particle_filter_omp.h" />
		<Unit filename="../../../../Program Files (x86)/PCL 1.5.1/include/pcl-1.5/pcl/tracking/tracker.h" />
		<Unit filename="../../../../Program Files (x86)/PCL 1.5.1/include/pcl-1.5/pcl/tracking/tracking.h" />
		<Unit filename="../../../../Program Files (x86)/PCL 1.5.1/include/pcl-1.5/pcl/visualization/cloud_viewer.h" />
		<Unit filename="../../../../Program Files (x86)/PCL 1.5.1/include/pcl-1.5/pcl/visualization/common/actor_map.h" />
		<Unit filename="../../../../Program Files (x86)/PCL 1.5.1/include/pcl-1.5/pcl/visualization/common/common.h" />
		<Unit filename="../../../../Program Files (x86)/PCL 1.5.1/include/pcl-1.5/pcl/visualization/common/float_image_utils.h" />
		<Unit filename="../../../../Program Files (x86)/PCL 1.5.1/include/pcl-1.5/pcl/visualization/common/impl/shapes.hpp" />
		<Unit filename="../../../../Program Files (x86)/PCL 1.5.1/include/pcl-1.5/pcl/visualization/common/io.h" />
		<Unit filename="../../../../Program Files (x86)/PCL 1.5.1/include/pcl-1.5/pcl/visualization/common/ren_win_interact_map.h" />
		<Unit filename="../../../../Program Files (x86)/PCL 1.5.1/include/pcl-1.5/pcl/visualization/common/shapes.h" />
		<Unit filename="../../../../Program Files (x86)/PCL 1.5.1/include/pcl-1.5/pcl/visualization/histogram_visualizer.h" />
		<Unit filename="../../../../Program Files (x86)/PCL 1.5.1/include/pcl-1.5/pcl/visualization/image_viewer.h" />
		<Unit filename="../../../../Program Files (x86)/PCL 1.5.1/include/pcl-1.5/pcl/visualization/impl/histogram_visualizer.hpp" />
		<Unit filename="../../../../Program Files (x86)/PCL 1.5.1/include/pcl-1.5/pcl/visualization/impl/pcl_visualizer.hpp" />
		<Unit filename="../../../../Program Files (x86)/PCL 1.5.1/include/pcl-1.5/pcl/visualization/impl/point_cloud_handlers.hpp" />
		<Unit filename="../../../../Program Files (x86)/PCL 1.5.1/include/pcl-1.5/pcl/visualization/impl/registration_visualizer.hpp" />
		<Unit filename="../../../../Program Files (x86)/PCL 1.5.1/include/pcl-1.5/pcl/visualization/interactor.h" />
		<Unit filename="../../../../Program Files (x86)/PCL 1.5.1/include/pcl-1.5/pcl/visualization/interactor_style.h" />
		<Unit filename="../../../../Program Files (x86)/PCL 1.5.1/include/pcl-1.5/pcl/visualization/keyboard_event.h" />
		<Unit filename="../../../../Program Files (x86)/PCL 1.5.1/include/pcl-1.5/pcl/visualization/mouse_event.h" />
		<Unit filename="../../../../Program Files (x86)/PCL 1.5.1/include/pcl-1.5/pcl/visualization/pcl_visualizer.h" />
		<Unit filename="../../../../Program Files (x86)/PCL 1.5.1/include/pcl-1.5/pcl/visualization/point_cloud_handlers.h" />
		<Unit filename="../../../../Program Files (x86)/PCL 1.5.1/include/pcl-1.5/pcl/visualization/point_picking_event.h" />
		<Unit filename="../../../../Program Files (x86)/PCL 1.5.1/include/pcl-1.5/pcl/visualization/range_image_visualizer.h" />
		<Unit filename="../../../../Program Files (x86)/PCL 1.5.1/include/pcl-1.5/pcl/visualization/registration_visualizer.h" />
		<Unit filename="../../../../Program Files (x86)/PCL 1.5.1/include/pcl-1.5/pcl/visualization/window.h" />
		<Unit filename="../../../../Program Files (x86)/PCL 1.5.1/include/pcl-1.5/pcl/win32_macros.h" />
		<Unit filename="../../../../Program Files (x86)/PCL 1.5.1/include/pcl-1.5/sensor_msgs/Image.h" />
		<Unit filename="../../../../Program Files (x86)/PCL 1.5.1/include/pcl-1.5/sensor_msgs/PointCloud2.h" />
		<Unit filename="../../../../Program Files (x86)/PCL 1.5.1/include/pcl-1.5/sensor_msgs/PointField.h" />
		<Unit filename="../../../../Program Files (x86)/PCL 1.5.1/include/pcl-1.5/std_msgs/Header.h" />
		<Unit filename="main.cpp" />
		<Extensions>
			<code_completion />
			<envvars />
			<debugger />
			<lib_finder disable_auto="1" />
		</Extensions>
	</Project>
</CodeBlocks_project_file>
